// !$*UTF8*$!
{
	archiveVersion = 1;
	classes = {
	};
	objectVersion = 51;
	objects = {

/* Begin PBXBuildFile section */
		792ED5666C071D4A91911476 /* Pods_KidsFitTests.framework in Frameworks */ = {isa = PBXBuildFile; fileRef = 61D748247D6979FADDB40F67 /* Pods_KidsFitTests.framework */; };
		7B662567260D71F2004D8CA4 /* MoreViewController.swift in Sources */ = {isa = PBXBuildFile; fileRef = 7B662566260D71F2004D8CA4 /* MoreViewController.swift */; };
		7B66256D260D72C6004D8CA4 /* MoreTableViewCell.swift in Sources */ = {isa = PBXBuildFile; fileRef = 7B66256B260D72C6004D8CA4 /* MoreTableViewCell.swift */; };
		7B66256E260D72C6004D8CA4 /* MoreTableViewCell.xib in Resources */ = {isa = PBXBuildFile; fileRef = 7B66256C260D72C6004D8CA4 /* MoreTableViewCell.xib */; };
		7B662573260D8821004D8CA4 /* MyInfoViewController.swift in Sources */ = {isa = PBXBuildFile; fileRef = 7B662572260D8821004D8CA4 /* MyInfoViewController.swift */; };
		7B662578260D8998004D8CA4 /* UIStoryboardExtension.swift in Sources */ = {isa = PBXBuildFile; fileRef = 7B662577260D8998004D8CA4 /* UIStoryboardExtension.swift */; };
		7B66258A264471DE004D8CA4 /* EditWODViewController.swift in Sources */ = {isa = PBXBuildFile; fileRef = 7B662589264471DE004D8CA4 /* EditWODViewController.swift */; };
		7B66258F264486AC004D8CA4 /* FlashAlert.swift in Sources */ = {isa = PBXBuildFile; fileRef = 7B66258E264486AC004D8CA4 /* FlashAlert.swift */; };
		7B6625F62645D713004D8CA4 /* NavBarButtonDateView.swift in Sources */ = {isa = PBXBuildFile; fileRef = 7B6625F52645D713004D8CA4 /* NavBarButtonDateView.swift */; };
		7B6625FE2645D732004D8CA4 /* NavBarButtonDateView.xib in Resources */ = {isa = PBXBuildFile; fileRef = 7B6625FD2645D732004D8CA4 /* NavBarButtonDateView.xib */; };
		7B66261D26462B96004D8CA4 /* UIImageExtension.swift in Sources */ = {isa = PBXBuildFile; fileRef = 7B66261C26462B96004D8CA4 /* UIImageExtension.swift */; };
		7BA321452648EAB500DC4031 /* UIFontExtension.swift in Sources */ = {isa = PBXBuildFile; fileRef = 7BA321442648EAB400DC4031 /* UIFontExtension.swift */; };
		7BA3214B2649860600DC4031 /* EmptyContentTableViewCell.swift in Sources */ = {isa = PBXBuildFile; fileRef = 7BA321492649860600DC4031 /* EmptyContentTableViewCell.swift */; };
		7BA3214C2649860600DC4031 /* EmptyContentTableViewCell.xib in Resources */ = {isa = PBXBuildFile; fileRef = 7BA3214A2649860600DC4031 /* EmptyContentTableViewCell.xib */; };
		7BA321512649A25F00DC4031 /* Gym.swift in Sources */ = {isa = PBXBuildFile; fileRef = 7BA321502649A25F00DC4031 /* Gym.swift */; };
		7BA32244264A429000DC4031 /* Environment.swift in Sources */ = {isa = PBXBuildFile; fileRef = 7BA32243264A429000DC4031 /* Environment.swift */; };
		7BA3C540264C53CB001304B8 /* ForgetPasswordViewController.swift in Sources */ = {isa = PBXBuildFile; fileRef = 7BA3C53F264C53CB001304B8 /* ForgetPasswordViewController.swift */; };
		7BB3DD3F25C5E92A0099CC7E /* AppDelegate.swift in Sources */ = {isa = PBXBuildFile; fileRef = 7BB3DD3E25C5E92A0099CC7E /* AppDelegate.swift */; };
		7BB3DD4125C5E92A0099CC7E /* SceneDelegate.swift in Sources */ = {isa = PBXBuildFile; fileRef = 7BB3DD4025C5E92A0099CC7E /* SceneDelegate.swift */; };
		7BB3DD4325C5E92A0099CC7E /* WhiteboardViewController.swift in Sources */ = {isa = PBXBuildFile; fileRef = 7BB3DD4225C5E92A0099CC7E /* WhiteboardViewController.swift */; };
		7BB3DD4625C5E92A0099CC7E /* Main.storyboard in Resources */ = {isa = PBXBuildFile; fileRef = 7BB3DD4425C5E92A0099CC7E /* Main.storyboard */; };
		7BB3DD4825C5E92B0099CC7E /* Assets.xcassets in Resources */ = {isa = PBXBuildFile; fileRef = 7BB3DD4725C5E92B0099CC7E /* Assets.xcassets */; };
		7BB3DD4B25C5E92B0099CC7E /* LaunchScreen.storyboard in Resources */ = {isa = PBXBuildFile; fileRef = 7BB3DD4925C5E92B0099CC7E /* LaunchScreen.storyboard */; };
		7BB3DD5625C5E92C0099CC7E /* KidsFitTests.swift in Sources */ = {isa = PBXBuildFile; fileRef = 7BB3DD5525C5E92C0099CC7E /* KidsFitTests.swift */; };
		7BB3DD6125C5E92C0099CC7E /* KidsFitUITests.swift in Sources */ = {isa = PBXBuildFile; fileRef = 7BB3DD6025C5E92C0099CC7E /* KidsFitUITests.swift */; };
		7BB3DD9125C625DE0099CC7E /* Authentication.storyboard in Resources */ = {isa = PBXBuildFile; fileRef = 7BB3DD9025C625DE0099CC7E /* Authentication.storyboard */; };
		7BB3DDA625C629DF0099CC7E /* GoogleService-Info.plist in Resources */ = {isa = PBXBuildFile; fileRef = 7BB3DDA525C629DF0099CC7E /* GoogleService-Info.plist */; };
		7BB3DDC025C635470099CC7E /* SignupViewController.swift in Sources */ = {isa = PBXBuildFile; fileRef = 7BB3DDBF25C635470099CC7E /* SignupViewController.swift */; };
		7BB3DDDD25C66A3B0099CC7E /* FirebaseAuth.swift in Sources */ = {isa = PBXBuildFile; fileRef = 7BB3DDDC25C66A3B0099CC7E /* FirebaseAuth.swift */; };
		7BB3DE0D25C687180099CC7E /* FirebaseDatabaseHelper.swift in Sources */ = {isa = PBXBuildFile; fileRef = 7BB3DE0C25C687180099CC7E /* FirebaseDatabaseHelper.swift */; };
		7BB3DE3325C74C910099CC7E /* DateFormatterExtension.swift in Sources */ = {isa = PBXBuildFile; fileRef = 7BB3DE3225C74C910099CC7E /* DateFormatterExtension.swift */; };
		7BB3DE3E25C8A4F00099CC7E /* WODWorkoutTableViewCell.swift in Sources */ = {isa = PBXBuildFile; fileRef = 7BB3DE3C25C8A4F00099CC7E /* WODWorkoutTableViewCell.swift */; };
		7BB3DE3F25C8A4F00099CC7E /* WODWorkoutTableViewCell.xib in Resources */ = {isa = PBXBuildFile; fileRef = 7BB3DE3D25C8A4F00099CC7E /* WODWorkoutTableViewCell.xib */; };
		7BB3DE4725C8A54B0099CC7E /* UITableViewCellExtenstion.swift in Sources */ = {isa = PBXBuildFile; fileRef = 7BB3DE4625C8A54B0099CC7E /* UITableViewCellExtenstion.swift */; };
		7BB3DE4C25C8A6520099CC7E /* UITableViewExtenstion.swift in Sources */ = {isa = PBXBuildFile; fileRef = 7BB3DE4B25C8A6520099CC7E /* UITableViewExtenstion.swift */; };
		7BB3DE5225C8AD270099CC7E /* WODCommentTableViewCell.swift in Sources */ = {isa = PBXBuildFile; fileRef = 7BB3DE5025C8AD270099CC7E /* WODCommentTableViewCell.swift */; };
		7BB3DE5325C8AD270099CC7E /* WODCommentTableViewCell.xib in Resources */ = {isa = PBXBuildFile; fileRef = 7BB3DE5125C8AD270099CC7E /* WODCommentTableViewCell.xib */; };
		7BB3DE5C25C8F07E0099CC7E /* WOD.swift in Sources */ = {isa = PBXBuildFile; fileRef = 7BB3DE5B25C8F07E0099CC7E /* WOD.swift */; };
		7BB3DE6125CBB4D50099CC7E /* CommunityViewController.swift in Sources */ = {isa = PBXBuildFile; fileRef = 7BB3DE6025CBB4D50099CC7E /* CommunityViewController.swift */; };
		7BB3DE6625CE24930099CC7E /* AppError.swift in Sources */ = {isa = PBXBuildFile; fileRef = 7BB3DE6525CE24930099CC7E /* AppError.swift */; };
		7BB3DE6725CE24930099CC7E /* AppError.swift in Sources */ = {isa = PBXBuildFile; fileRef = 7BB3DE6525CE24930099CC7E /* AppError.swift */; };
		7BB3DE6825CE24930099CC7E /* AppError.swift in Sources */ = {isa = PBXBuildFile; fileRef = 7BB3DE6525CE24930099CC7E /* AppError.swift */; };
		7BB3DE6D25CE2BE10099CC7E /* DatePickerViewController.swift in Sources */ = {isa = PBXBuildFile; fileRef = 7BB3DE6C25CE2BE10099CC7E /* DatePickerViewController.swift */; };
		7BB3DE6E25CE2BE10099CC7E /* DatePickerViewController.swift in Sources */ = {isa = PBXBuildFile; fileRef = 7BB3DE6C25CE2BE10099CC7E /* DatePickerViewController.swift */; };
		7BB3DE6F25CE2BE10099CC7E /* DatePickerViewController.swift in Sources */ = {isa = PBXBuildFile; fileRef = 7BB3DE6C25CE2BE10099CC7E /* DatePickerViewController.swift */; };
		7BB3DE7425CFA1540099CC7E /* UserEntranceViewController.swift in Sources */ = {isa = PBXBuildFile; fileRef = 7BB3DE7325CFA1540099CC7E /* UserEntranceViewController.swift */; };
		7BB3DE7925CFADF50099CC7E /* User.swift in Sources */ = {isa = PBXBuildFile; fileRef = 7BB3DE7825CFADF50099CC7E /* User.swift */; };
		7BB3DE7A25CFADF50099CC7E /* User.swift in Sources */ = {isa = PBXBuildFile; fileRef = 7BB3DE7825CFADF50099CC7E /* User.swift */; };
		7BB3DE7B25CFADF50099CC7E /* User.swift in Sources */ = {isa = PBXBuildFile; fileRef = 7BB3DE7825CFADF50099CC7E /* User.swift */; };
		7BB3DE8325CFC5BD0099CC7E /* MeViewController.swift in Sources */ = {isa = PBXBuildFile; fileRef = 7BB3DE8225CFC5BD0099CC7E /* MeViewController.swift */; };
		7BB3DE8425CFC5BD0099CC7E /* MeViewController.swift in Sources */ = {isa = PBXBuildFile; fileRef = 7BB3DE8225CFC5BD0099CC7E /* MeViewController.swift */; };
		7BB3DE8525CFC5BD0099CC7E /* MeViewController.swift in Sources */ = {isa = PBXBuildFile; fileRef = 7BB3DE8225CFC5BD0099CC7E /* MeViewController.swift */; };
		7BB3DE8A25D0ED580099CC7E /* UIViewControllerExtension.swift in Sources */ = {isa = PBXBuildFile; fileRef = 7BB3DE8925D0ED580099CC7E /* UIViewControllerExtension.swift */; };
		7BB3DE8B25D0ED590099CC7E /* UIViewControllerExtension.swift in Sources */ = {isa = PBXBuildFile; fileRef = 7BB3DE8925D0ED580099CC7E /* UIViewControllerExtension.swift */; };
		7BB3DE8C25D0ED590099CC7E /* UIViewControllerExtension.swift in Sources */ = {isa = PBXBuildFile; fileRef = 7BB3DE8925D0ED580099CC7E /* UIViewControllerExtension.swift */; };
		7BB3DEA725D38F2B0099CC7E /* UIViewExtensions.swift in Sources */ = {isa = PBXBuildFile; fileRef = 7BB3DEA625D38F2B0099CC7E /* UIViewExtensions.swift */; };
		7BB3DEAC25D3B1F70099CC7E /* FirebaseObject.swift in Sources */ = {isa = PBXBuildFile; fileRef = 7BB3DEAB25D3B1F70099CC7E /* FirebaseObject.swift */; };
		7BB3DEAD25D3B1F70099CC7E /* FirebaseObject.swift in Sources */ = {isa = PBXBuildFile; fileRef = 7BB3DEAB25D3B1F70099CC7E /* FirebaseObject.swift */; };
		7BB3DEAE25D3B1F70099CC7E /* FirebaseObject.swift in Sources */ = {isa = PBXBuildFile; fileRef = 7BB3DEAB25D3B1F70099CC7E /* FirebaseObject.swift */; };
		7BB3DEB325D3B3810099CC7E /* Comment.swift in Sources */ = {isa = PBXBuildFile; fileRef = 7BB3DEB225D3B3810099CC7E /* Comment.swift */; };
		7BB3DEB425D3B3810099CC7E /* Comment.swift in Sources */ = {isa = PBXBuildFile; fileRef = 7BB3DEB225D3B3810099CC7E /* Comment.swift */; };
		7BB3DEB525D3B3810099CC7E /* Comment.swift in Sources */ = {isa = PBXBuildFile; fileRef = 7BB3DEB225D3B3810099CC7E /* Comment.swift */; };
		7BB3DEBA2602F1670099CC7E /* UserdefaultsExtension.swift in Sources */ = {isa = PBXBuildFile; fileRef = 7BB3DEB92602F1670099CC7E /* UserdefaultsExtension.swift */; };
		7BB3DEBB2602F1670099CC7E /* UserdefaultsExtension.swift in Sources */ = {isa = PBXBuildFile; fileRef = 7BB3DEB92602F1670099CC7E /* UserdefaultsExtension.swift */; };
		7BB3DEBC2602F1670099CC7E /* UserdefaultsExtension.swift in Sources */ = {isa = PBXBuildFile; fileRef = 7BB3DEB92602F1670099CC7E /* UserdefaultsExtension.swift */; };
		7BB3DEC12603EFD40099CC7E /* LoginViewController.swift in Sources */ = {isa = PBXBuildFile; fileRef = 7BB3DEC02603EFD40099CC7E /* LoginViewController.swift */; };
		7BB3DEC22603EFD40099CC7E /* LoginViewController.swift in Sources */ = {isa = PBXBuildFile; fileRef = 7BB3DEC02603EFD40099CC7E /* LoginViewController.swift */; };
		7BB3DEC32603EFD40099CC7E /* LoginViewController.swift in Sources */ = {isa = PBXBuildFile; fileRef = 7BB3DEC02603EFD40099CC7E /* LoginViewController.swift */; };
		7BB3DEDD260A88720099CC7E /* Post.swift in Sources */ = {isa = PBXBuildFile; fileRef = 7BB3DEDC260A88710099CC7E /* Post.swift */; };
		7BB3DEE3260AE0D80099CC7E /* PostTableViewCell.swift in Sources */ = {isa = PBXBuildFile; fileRef = 7BB3DEE1260AE0D70099CC7E /* PostTableViewCell.swift */; };
		7BB3DEE4260AE0D80099CC7E /* PostTableViewCell.xib in Resources */ = {isa = PBXBuildFile; fileRef = 7BB3DEE2260AE0D70099CC7E /* PostTableViewCell.xib */; };
		7BB3DEE9260C29EC0099CC7E /* PostViewController.swift in Sources */ = {isa = PBXBuildFile; fileRef = 7BB3DEE8260C29EB0099CC7E /* PostViewController.swift */; };
		7BEE699B26464BC500888EC9 /* UITextviewExtension.swift in Sources */ = {isa = PBXBuildFile; fileRef = 7BEE699A26464BC500888EC9 /* UITextviewExtension.swift */; };
		7BEE69A0264754C000888EC9 /* TextfieldWithTitle.swift in Sources */ = {isa = PBXBuildFile; fileRef = 7BEE699F264754BF00888EC9 /* TextfieldWithTitle.swift */; };
		7BEE69A5264754D700888EC9 /* TextfieldWithTitle.xib in Resources */ = {isa = PBXBuildFile; fileRef = 7BEE69A4264754D700888EC9 /* TextfieldWithTitle.xib */; };
		7BEE69AA26475ED800888EC9 /* FirebaseKeys.swift in Sources */ = {isa = PBXBuildFile; fileRef = 7BEE69A926475ED800888EC9 /* FirebaseKeys.swift */; };
		7BEE69E5264789A600888EC9 /* DictionaryExtension.swift in Sources */ = {isa = PBXBuildFile; fileRef = 7BEE69E4264789A600888EC9 /* DictionaryExtension.swift */; };
		7BEE69EA2647A5C300888EC9 /* WorkoutVideosViewController.swift in Sources */ = {isa = PBXBuildFile; fileRef = 7BEE69E92647A5C300888EC9 /* WorkoutVideosViewController.swift */; };
		7BEE69F02647A6A100888EC9 /* VideoThumbnailTableViewCell.swift in Sources */ = {isa = PBXBuildFile; fileRef = 7BEE69EE2647A6A100888EC9 /* VideoThumbnailTableViewCell.swift */; };
		7BEE69F12647A6A100888EC9 /* VideoThumbnailTableViewCell.xib in Resources */ = {isa = PBXBuildFile; fileRef = 7BEE69EF2647A6A100888EC9 /* VideoThumbnailTableViewCell.xib */; };
		89E6CBDFEC1F595B56E9ABC2 /* Pods_KidsFit.framework in Frameworks */ = {isa = PBXBuildFile; fileRef = AB45A7510120F04E48198594 /* Pods_KidsFit.framework */; };
		8A5A8693C439E5F775394B92 /* Pods_KidsFit_KidsFitUITests.framework in Frameworks */ = {isa = PBXBuildFile; fileRef = A9955FBC87D509B63F610E8F /* Pods_KidsFit_KidsFitUITests.framework */; };
/* End PBXBuildFile section */

/* Begin PBXContainerItemProxy section */
		7BB3DD5225C5E92C0099CC7E /* PBXContainerItemProxy */ = {
			isa = PBXContainerItemProxy;
			containerPortal = 7BB3DD3325C5E92A0099CC7E /* Project object */;
			proxyType = 1;
			remoteGlobalIDString = 7BB3DD3A25C5E92A0099CC7E;
			remoteInfo = KidsFit;
		};
		7BB3DD5D25C5E92C0099CC7E /* PBXContainerItemProxy */ = {
			isa = PBXContainerItemProxy;
			containerPortal = 7BB3DD3325C5E92A0099CC7E /* Project object */;
			proxyType = 1;
			remoteGlobalIDString = 7BB3DD3A25C5E92A0099CC7E;
			remoteInfo = KidsFit;
		};
/* End PBXContainerItemProxy section */

/* Begin PBXFileReference section */
		133386C9C88E7D843C196D00 /* Pods-KidsFit-KidsFitUITests.debug (development).xcconfig */ = {isa = PBXFileReference; includeInIndex = 1; lastKnownFileType = text.xcconfig; name = "Pods-KidsFit-KidsFitUITests.debug (development).xcconfig"; path = "Target Support Files/Pods-KidsFit-KidsFitUITests/Pods-KidsFit-KidsFitUITests.debug (development).xcconfig"; sourceTree = "<group>"; };
		3F36A912D7CCE04EEA2EF0E9 /* Pods-KidsFitTests.debug (production).xcconfig */ = {isa = PBXFileReference; includeInIndex = 1; lastKnownFileType = text.xcconfig; name = "Pods-KidsFitTests.debug (production).xcconfig"; path = "Target Support Files/Pods-KidsFitTests/Pods-KidsFitTests.debug (production).xcconfig"; sourceTree = "<group>"; };
		486A123E11CA93908857A591 /* Pods-KidsFit.debug (production).xcconfig */ = {isa = PBXFileReference; includeInIndex = 1; lastKnownFileType = text.xcconfig; name = "Pods-KidsFit.debug (production).xcconfig"; path = "Target Support Files/Pods-KidsFit/Pods-KidsFit.debug (production).xcconfig"; sourceTree = "<group>"; };
		61D748247D6979FADDB40F67 /* Pods_KidsFitTests.framework */ = {isa = PBXFileReference; explicitFileType = wrapper.framework; includeInIndex = 0; path = Pods_KidsFitTests.framework; sourceTree = BUILT_PRODUCTS_DIR; };
		6C1625A42A79D942D3EFB5BC /* Pods-KidsFitTests.debug.xcconfig */ = {isa = PBXFileReference; includeInIndex = 1; lastKnownFileType = text.xcconfig; name = "Pods-KidsFitTests.debug.xcconfig"; path = "Target Support Files/Pods-KidsFitTests/Pods-KidsFitTests.debug.xcconfig"; sourceTree = "<group>"; };
		6C6ED4FA9BDB5AB5C112DABF /* Pods-KidsFitTests.release.xcconfig */ = {isa = PBXFileReference; includeInIndex = 1; lastKnownFileType = text.xcconfig; name = "Pods-KidsFitTests.release.xcconfig"; path = "Target Support Files/Pods-KidsFitTests/Pods-KidsFitTests.release.xcconfig"; sourceTree = "<group>"; };
		7B662566260D71F2004D8CA4 /* MoreViewController.swift */ = {isa = PBXFileReference; lastKnownFileType = sourcecode.swift; path = MoreViewController.swift; sourceTree = "<group>"; };
		7B66256B260D72C6004D8CA4 /* MoreTableViewCell.swift */ = {isa = PBXFileReference; lastKnownFileType = sourcecode.swift; path = MoreTableViewCell.swift; sourceTree = "<group>"; };
		7B66256C260D72C6004D8CA4 /* MoreTableViewCell.xib */ = {isa = PBXFileReference; lastKnownFileType = file.xib; path = MoreTableViewCell.xib; sourceTree = "<group>"; };
		7B662572260D8821004D8CA4 /* MyInfoViewController.swift */ = {isa = PBXFileReference; lastKnownFileType = sourcecode.swift; path = MyInfoViewController.swift; sourceTree = "<group>"; };
		7B662577260D8998004D8CA4 /* UIStoryboardExtension.swift */ = {isa = PBXFileReference; lastKnownFileType = sourcecode.swift; path = UIStoryboardExtension.swift; sourceTree = "<group>"; };
		7B662589264471DE004D8CA4 /* EditWODViewController.swift */ = {isa = PBXFileReference; lastKnownFileType = sourcecode.swift; path = EditWODViewController.swift; sourceTree = "<group>"; };
		7B66258E264486AC004D8CA4 /* FlashAlert.swift */ = {isa = PBXFileReference; lastKnownFileType = sourcecode.swift; path = FlashAlert.swift; sourceTree = "<group>"; };
		7B6625F52645D713004D8CA4 /* NavBarButtonDateView.swift */ = {isa = PBXFileReference; lastKnownFileType = sourcecode.swift; path = NavBarButtonDateView.swift; sourceTree = "<group>"; };
		7B6625FD2645D732004D8CA4 /* NavBarButtonDateView.xib */ = {isa = PBXFileReference; lastKnownFileType = file.xib; path = NavBarButtonDateView.xib; sourceTree = "<group>"; };
		7B66261C26462B96004D8CA4 /* UIImageExtension.swift */ = {isa = PBXFileReference; lastKnownFileType = sourcecode.swift; path = UIImageExtension.swift; sourceTree = "<group>"; };
		7BA321442648EAB400DC4031 /* UIFontExtension.swift */ = {isa = PBXFileReference; lastKnownFileType = sourcecode.swift; path = UIFontExtension.swift; sourceTree = "<group>"; };
		7BA321492649860600DC4031 /* EmptyContentTableViewCell.swift */ = {isa = PBXFileReference; lastKnownFileType = sourcecode.swift; path = EmptyContentTableViewCell.swift; sourceTree = "<group>"; };
		7BA3214A2649860600DC4031 /* EmptyContentTableViewCell.xib */ = {isa = PBXFileReference; lastKnownFileType = file.xib; path = EmptyContentTableViewCell.xib; sourceTree = "<group>"; };
		7BA321502649A25F00DC4031 /* Gym.swift */ = {isa = PBXFileReference; lastKnownFileType = sourcecode.swift; path = Gym.swift; sourceTree = "<group>"; };
		7BA3218B264A317B00DC4031 /* Development.xcconfig */ = {isa = PBXFileReference; lastKnownFileType = text.xcconfig; path = Development.xcconfig; sourceTree = "<group>"; };
		7BA3218C264A31AA00DC4031 /* Production.xcconfig */ = {isa = PBXFileReference; lastKnownFileType = text.xcconfig; path = Production.xcconfig; sourceTree = "<group>"; };
		7BA32243264A429000DC4031 /* Environment.swift */ = {isa = PBXFileReference; lastKnownFileType = sourcecode.swift; path = Environment.swift; sourceTree = "<group>"; };
		7BA3C53F264C53CB001304B8 /* ForgetPasswordViewController.swift */ = {isa = PBXFileReference; lastKnownFileType = sourcecode.swift; path = ForgetPasswordViewController.swift; sourceTree = "<group>"; };
		7BB3DD3B25C5E92A0099CC7E /* KidsFit.app */ = {isa = PBXFileReference; explicitFileType = wrapper.application; includeInIndex = 0; path = KidsFit.app; sourceTree = BUILT_PRODUCTS_DIR; };
		7BB3DD3E25C5E92A0099CC7E /* AppDelegate.swift */ = {isa = PBXFileReference; lastKnownFileType = sourcecode.swift; path = AppDelegate.swift; sourceTree = "<group>"; };
		7BB3DD4025C5E92A0099CC7E /* SceneDelegate.swift */ = {isa = PBXFileReference; lastKnownFileType = sourcecode.swift; path = SceneDelegate.swift; sourceTree = "<group>"; };
		7BB3DD4225C5E92A0099CC7E /* WhiteboardViewController.swift */ = {isa = PBXFileReference; lastKnownFileType = sourcecode.swift; path = WhiteboardViewController.swift; sourceTree = "<group>"; };
		7BB3DD4525C5E92A0099CC7E /* Base */ = {isa = PBXFileReference; lastKnownFileType = file.storyboard; name = Base; path = Base.lproj/Main.storyboard; sourceTree = "<group>"; };
		7BB3DD4725C5E92B0099CC7E /* Assets.xcassets */ = {isa = PBXFileReference; lastKnownFileType = folder.assetcatalog; path = Assets.xcassets; sourceTree = "<group>"; };
		7BB3DD4A25C5E92B0099CC7E /* Base */ = {isa = PBXFileReference; lastKnownFileType = file.storyboard; name = Base; path = Base.lproj/LaunchScreen.storyboard; sourceTree = "<group>"; };
		7BB3DD4C25C5E92B0099CC7E /* Info.plist */ = {isa = PBXFileReference; lastKnownFileType = text.plist.xml; path = Info.plist; sourceTree = "<group>"; };
		7BB3DD5125C5E92C0099CC7E /* KidsFitTests.xctest */ = {isa = PBXFileReference; explicitFileType = wrapper.cfbundle; includeInIndex = 0; path = KidsFitTests.xctest; sourceTree = BUILT_PRODUCTS_DIR; };
		7BB3DD5525C5E92C0099CC7E /* KidsFitTests.swift */ = {isa = PBXFileReference; lastKnownFileType = sourcecode.swift; path = KidsFitTests.swift; sourceTree = "<group>"; };
		7BB3DD5725C5E92C0099CC7E /* Info.plist */ = {isa = PBXFileReference; lastKnownFileType = text.plist.xml; path = Info.plist; sourceTree = "<group>"; };
		7BB3DD5C25C5E92C0099CC7E /* KidsFitUITests.xctest */ = {isa = PBXFileReference; explicitFileType = wrapper.cfbundle; includeInIndex = 0; path = KidsFitUITests.xctest; sourceTree = BUILT_PRODUCTS_DIR; };
		7BB3DD6025C5E92C0099CC7E /* KidsFitUITests.swift */ = {isa = PBXFileReference; lastKnownFileType = sourcecode.swift; path = KidsFitUITests.swift; sourceTree = "<group>"; };
		7BB3DD6225C5E92C0099CC7E /* Info.plist */ = {isa = PBXFileReference; lastKnownFileType = text.plist.xml; path = Info.plist; sourceTree = "<group>"; };
		7BB3DD9025C625DE0099CC7E /* Authentication.storyboard */ = {isa = PBXFileReference; lastKnownFileType = file.storyboard; path = Authentication.storyboard; sourceTree = "<group>"; };
		7BB3DDA525C629DF0099CC7E /* GoogleService-Info.plist */ = {isa = PBXFileReference; fileEncoding = 4; lastKnownFileType = text.plist.xml; path = "GoogleService-Info.plist"; sourceTree = "<group>"; };
		7BB3DDBF25C635470099CC7E /* SignupViewController.swift */ = {isa = PBXFileReference; lastKnownFileType = sourcecode.swift; path = SignupViewController.swift; sourceTree = "<group>"; };
		7BB3DDDC25C66A3B0099CC7E /* FirebaseAuth.swift */ = {isa = PBXFileReference; lastKnownFileType = sourcecode.swift; path = FirebaseAuth.swift; sourceTree = "<group>"; };
		7BB3DE0C25C687180099CC7E /* FirebaseDatabaseHelper.swift */ = {isa = PBXFileReference; lastKnownFileType = sourcecode.swift; path = FirebaseDatabaseHelper.swift; sourceTree = "<group>"; };
		7BB3DE3225C74C910099CC7E /* DateFormatterExtension.swift */ = {isa = PBXFileReference; lastKnownFileType = sourcecode.swift; path = DateFormatterExtension.swift; sourceTree = "<group>"; };
		7BB3DE3C25C8A4F00099CC7E /* WODWorkoutTableViewCell.swift */ = {isa = PBXFileReference; lastKnownFileType = sourcecode.swift; path = WODWorkoutTableViewCell.swift; sourceTree = "<group>"; };
		7BB3DE3D25C8A4F00099CC7E /* WODWorkoutTableViewCell.xib */ = {isa = PBXFileReference; lastKnownFileType = file.xib; path = WODWorkoutTableViewCell.xib; sourceTree = "<group>"; };
		7BB3DE4625C8A54B0099CC7E /* UITableViewCellExtenstion.swift */ = {isa = PBXFileReference; lastKnownFileType = sourcecode.swift; path = UITableViewCellExtenstion.swift; sourceTree = "<group>"; };
		7BB3DE4B25C8A6520099CC7E /* UITableViewExtenstion.swift */ = {isa = PBXFileReference; lastKnownFileType = sourcecode.swift; path = UITableViewExtenstion.swift; sourceTree = "<group>"; };
		7BB3DE5025C8AD270099CC7E /* WODCommentTableViewCell.swift */ = {isa = PBXFileReference; lastKnownFileType = sourcecode.swift; path = WODCommentTableViewCell.swift; sourceTree = "<group>"; };
		7BB3DE5125C8AD270099CC7E /* WODCommentTableViewCell.xib */ = {isa = PBXFileReference; lastKnownFileType = file.xib; path = WODCommentTableViewCell.xib; sourceTree = "<group>"; };
		7BB3DE5B25C8F07E0099CC7E /* WOD.swift */ = {isa = PBXFileReference; lastKnownFileType = sourcecode.swift; path = WOD.swift; sourceTree = "<group>"; };
		7BB3DE6025CBB4D50099CC7E /* CommunityViewController.swift */ = {isa = PBXFileReference; lastKnownFileType = sourcecode.swift; path = CommunityViewController.swift; sourceTree = "<group>"; };
		7BB3DE6525CE24930099CC7E /* AppError.swift */ = {isa = PBXFileReference; lastKnownFileType = sourcecode.swift; path = AppError.swift; sourceTree = "<group>"; };
		7BB3DE6C25CE2BE10099CC7E /* DatePickerViewController.swift */ = {isa = PBXFileReference; lastKnownFileType = sourcecode.swift; path = DatePickerViewController.swift; sourceTree = "<group>"; };
		7BB3DE7325CFA1540099CC7E /* UserEntranceViewController.swift */ = {isa = PBXFileReference; lastKnownFileType = sourcecode.swift; path = UserEntranceViewController.swift; sourceTree = "<group>"; };
		7BB3DE7825CFADF50099CC7E /* User.swift */ = {isa = PBXFileReference; lastKnownFileType = sourcecode.swift; path = User.swift; sourceTree = "<group>"; };
		7BB3DE8225CFC5BD0099CC7E /* MeViewController.swift */ = {isa = PBXFileReference; lastKnownFileType = sourcecode.swift; path = MeViewController.swift; sourceTree = "<group>"; };
		7BB3DE8925D0ED580099CC7E /* UIViewControllerExtension.swift */ = {isa = PBXFileReference; lastKnownFileType = sourcecode.swift; path = UIViewControllerExtension.swift; sourceTree = "<group>"; };
		7BB3DEA625D38F2B0099CC7E /* UIViewExtensions.swift */ = {isa = PBXFileReference; lastKnownFileType = sourcecode.swift; path = UIViewExtensions.swift; sourceTree = "<group>"; };
		7BB3DEAB25D3B1F70099CC7E /* FirebaseObject.swift */ = {isa = PBXFileReference; lastKnownFileType = sourcecode.swift; path = FirebaseObject.swift; sourceTree = "<group>"; };
		7BB3DEB225D3B3810099CC7E /* Comment.swift */ = {isa = PBXFileReference; lastKnownFileType = sourcecode.swift; path = Comment.swift; sourceTree = "<group>"; };
		7BB3DEB92602F1670099CC7E /* UserdefaultsExtension.swift */ = {isa = PBXFileReference; lastKnownFileType = sourcecode.swift; path = UserdefaultsExtension.swift; sourceTree = "<group>"; };
		7BB3DEC02603EFD40099CC7E /* LoginViewController.swift */ = {isa = PBXFileReference; lastKnownFileType = sourcecode.swift; path = LoginViewController.swift; sourceTree = "<group>"; };
		7BB3DEDC260A88710099CC7E /* Post.swift */ = {isa = PBXFileReference; lastKnownFileType = sourcecode.swift; path = Post.swift; sourceTree = "<group>"; };
		7BB3DEE1260AE0D70099CC7E /* PostTableViewCell.swift */ = {isa = PBXFileReference; lastKnownFileType = sourcecode.swift; path = PostTableViewCell.swift; sourceTree = "<group>"; };
		7BB3DEE2260AE0D70099CC7E /* PostTableViewCell.xib */ = {isa = PBXFileReference; lastKnownFileType = file.xib; path = PostTableViewCell.xib; sourceTree = "<group>"; };
		7BB3DEE8260C29EB0099CC7E /* PostViewController.swift */ = {isa = PBXFileReference; lastKnownFileType = sourcecode.swift; path = PostViewController.swift; sourceTree = "<group>"; };
		7BEE699A26464BC500888EC9 /* UITextviewExtension.swift */ = {isa = PBXFileReference; lastKnownFileType = sourcecode.swift; path = UITextviewExtension.swift; sourceTree = "<group>"; };
		7BEE699F264754BF00888EC9 /* TextfieldWithTitle.swift */ = {isa = PBXFileReference; lastKnownFileType = sourcecode.swift; path = TextfieldWithTitle.swift; sourceTree = "<group>"; };
		7BEE69A4264754D700888EC9 /* TextfieldWithTitle.xib */ = {isa = PBXFileReference; lastKnownFileType = file.xib; path = TextfieldWithTitle.xib; sourceTree = "<group>"; };
		7BEE69A926475ED800888EC9 /* FirebaseKeys.swift */ = {isa = PBXFileReference; lastKnownFileType = sourcecode.swift; path = FirebaseKeys.swift; sourceTree = "<group>"; };
		7BEE69E4264789A600888EC9 /* DictionaryExtension.swift */ = {isa = PBXFileReference; lastKnownFileType = sourcecode.swift; path = DictionaryExtension.swift; sourceTree = "<group>"; };
		7BEE69E92647A5C300888EC9 /* WorkoutVideosViewController.swift */ = {isa = PBXFileReference; lastKnownFileType = sourcecode.swift; path = WorkoutVideosViewController.swift; sourceTree = "<group>"; };
		7BEE69EE2647A6A100888EC9 /* VideoThumbnailTableViewCell.swift */ = {isa = PBXFileReference; lastKnownFileType = sourcecode.swift; path = VideoThumbnailTableViewCell.swift; sourceTree = "<group>"; };
		7BEE69EF2647A6A100888EC9 /* VideoThumbnailTableViewCell.xib */ = {isa = PBXFileReference; lastKnownFileType = file.xib; path = VideoThumbnailTableViewCell.xib; sourceTree = "<group>"; };
		A5C655D5B8D8E5BF413CE060 /* Pods-KidsFit.debug (development).xcconfig */ = {isa = PBXFileReference; includeInIndex = 1; lastKnownFileType = text.xcconfig; name = "Pods-KidsFit.debug (development).xcconfig"; path = "Target Support Files/Pods-KidsFit/Pods-KidsFit.debug (development).xcconfig"; sourceTree = "<group>"; };
		A9955FBC87D509B63F610E8F /* Pods_KidsFit_KidsFitUITests.framework */ = {isa = PBXFileReference; explicitFileType = wrapper.framework; includeInIndex = 0; path = Pods_KidsFit_KidsFitUITests.framework; sourceTree = BUILT_PRODUCTS_DIR; };
		AB45A7510120F04E48198594 /* Pods_KidsFit.framework */ = {isa = PBXFileReference; explicitFileType = wrapper.framework; includeInIndex = 0; path = Pods_KidsFit.framework; sourceTree = BUILT_PRODUCTS_DIR; };
		C4A25612C28D34FAA7EEE772 /* Pods-KidsFit.release (development).xcconfig */ = {isa = PBXFileReference; includeInIndex = 1; lastKnownFileType = text.xcconfig; name = "Pods-KidsFit.release (development).xcconfig"; path = "Target Support Files/Pods-KidsFit/Pods-KidsFit.release (development).xcconfig"; sourceTree = "<group>"; };
		C91083012A3608A6DF3E23F4 /* Pods-KidsFit-KidsFitUITests.release (production).xcconfig */ = {isa = PBXFileReference; includeInIndex = 1; lastKnownFileType = text.xcconfig; name = "Pods-KidsFit-KidsFitUITests.release (production).xcconfig"; path = "Target Support Files/Pods-KidsFit-KidsFitUITests/Pods-KidsFit-KidsFitUITests.release (production).xcconfig"; sourceTree = "<group>"; };
		CDC6BE0F9C7CE8C36054A7D9 /* Pods-KidsFit-KidsFitUITests.release (development).xcconfig */ = {isa = PBXFileReference; includeInIndex = 1; lastKnownFileType = text.xcconfig; name = "Pods-KidsFit-KidsFitUITests.release (development).xcconfig"; path = "Target Support Files/Pods-KidsFit-KidsFitUITests/Pods-KidsFit-KidsFitUITests.release (development).xcconfig"; sourceTree = "<group>"; };
		D564FCEE91BB775E29B6FD00 /* Pods-KidsFit-KidsFitUITests.debug.xcconfig */ = {isa = PBXFileReference; includeInIndex = 1; lastKnownFileType = text.xcconfig; name = "Pods-KidsFit-KidsFitUITests.debug.xcconfig"; path = "Target Support Files/Pods-KidsFit-KidsFitUITests/Pods-KidsFit-KidsFitUITests.debug.xcconfig"; sourceTree = "<group>"; };
		D638CF4AD8A8935165DD2CCB /* Pods-KidsFitTests.release (production).xcconfig */ = {isa = PBXFileReference; includeInIndex = 1; lastKnownFileType = text.xcconfig; name = "Pods-KidsFitTests.release (production).xcconfig"; path = "Target Support Files/Pods-KidsFitTests/Pods-KidsFitTests.release (production).xcconfig"; sourceTree = "<group>"; };
		DE0CBA87EEDA3B5E497005C3 /* Pods-KidsFit.debug.xcconfig */ = {isa = PBXFileReference; includeInIndex = 1; lastKnownFileType = text.xcconfig; name = "Pods-KidsFit.debug.xcconfig"; path = "Target Support Files/Pods-KidsFit/Pods-KidsFit.debug.xcconfig"; sourceTree = "<group>"; };
		E1C0884AEAA1867A2492EADB /* Pods-KidsFit.release (production).xcconfig */ = {isa = PBXFileReference; includeInIndex = 1; lastKnownFileType = text.xcconfig; name = "Pods-KidsFit.release (production).xcconfig"; path = "Target Support Files/Pods-KidsFit/Pods-KidsFit.release (production).xcconfig"; sourceTree = "<group>"; };
		E7CA2DC3451CEFBE15AD70C5 /* Pods-KidsFitTests.release (development).xcconfig */ = {isa = PBXFileReference; includeInIndex = 1; lastKnownFileType = text.xcconfig; name = "Pods-KidsFitTests.release (development).xcconfig"; path = "Target Support Files/Pods-KidsFitTests/Pods-KidsFitTests.release (development).xcconfig"; sourceTree = "<group>"; };
		EB57DF7B2E4F52E252672C6D /* Pods-KidsFitTests.debug (development).xcconfig */ = {isa = PBXFileReference; includeInIndex = 1; lastKnownFileType = text.xcconfig; name = "Pods-KidsFitTests.debug (development).xcconfig"; path = "Target Support Files/Pods-KidsFitTests/Pods-KidsFitTests.debug (development).xcconfig"; sourceTree = "<group>"; };
		F12608F6389F70BAC32A4713 /* Pods-KidsFit-KidsFitUITests.debug (production).xcconfig */ = {isa = PBXFileReference; includeInIndex = 1; lastKnownFileType = text.xcconfig; name = "Pods-KidsFit-KidsFitUITests.debug (production).xcconfig"; path = "Target Support Files/Pods-KidsFit-KidsFitUITests/Pods-KidsFit-KidsFitUITests.debug (production).xcconfig"; sourceTree = "<group>"; };
		F7ED69C0E851033DEDC0F0A2 /* Pods-KidsFit.release.xcconfig */ = {isa = PBXFileReference; includeInIndex = 1; lastKnownFileType = text.xcconfig; name = "Pods-KidsFit.release.xcconfig"; path = "Target Support Files/Pods-KidsFit/Pods-KidsFit.release.xcconfig"; sourceTree = "<group>"; };
		FAF96FEFB09181A809F899C2 /* Pods-KidsFit-KidsFitUITests.release.xcconfig */ = {isa = PBXFileReference; includeInIndex = 1; lastKnownFileType = text.xcconfig; name = "Pods-KidsFit-KidsFitUITests.release.xcconfig"; path = "Target Support Files/Pods-KidsFit-KidsFitUITests/Pods-KidsFit-KidsFitUITests.release.xcconfig"; sourceTree = "<group>"; };
/* End PBXFileReference section */

/* Begin PBXFrameworksBuildPhase section */
		7BB3DD3825C5E92A0099CC7E /* Frameworks */ = {
			isa = PBXFrameworksBuildPhase;
			buildActionMask = 2147483647;
			files = (
				89E6CBDFEC1F595B56E9ABC2 /* Pods_KidsFit.framework in Frameworks */,
			);
			runOnlyForDeploymentPostprocessing = 0;
		};
		7BB3DD4E25C5E92C0099CC7E /* Frameworks */ = {
			isa = PBXFrameworksBuildPhase;
			buildActionMask = 2147483647;
			files = (
				792ED5666C071D4A91911476 /* Pods_KidsFitTests.framework in Frameworks */,
			);
			runOnlyForDeploymentPostprocessing = 0;
		};
		7BB3DD5925C5E92C0099CC7E /* Frameworks */ = {
			isa = PBXFrameworksBuildPhase;
			buildActionMask = 2147483647;
			files = (
				8A5A8693C439E5F775394B92 /* Pods_KidsFit_KidsFitUITests.framework in Frameworks */,
			);
			runOnlyForDeploymentPostprocessing = 0;
		};
/* End PBXFrameworksBuildPhase section */

/* Begin PBXGroup section */
		025D5606B29E91BF241414AB /* Pods */ = {
			isa = PBXGroup;
			children = (
				DE0CBA87EEDA3B5E497005C3 /* Pods-KidsFit.debug.xcconfig */,
				F7ED69C0E851033DEDC0F0A2 /* Pods-KidsFit.release.xcconfig */,
				D564FCEE91BB775E29B6FD00 /* Pods-KidsFit-KidsFitUITests.debug.xcconfig */,
				FAF96FEFB09181A809F899C2 /* Pods-KidsFit-KidsFitUITests.release.xcconfig */,
				6C1625A42A79D942D3EFB5BC /* Pods-KidsFitTests.debug.xcconfig */,
				6C6ED4FA9BDB5AB5C112DABF /* Pods-KidsFitTests.release.xcconfig */,
				486A123E11CA93908857A591 /* Pods-KidsFit.debug (production).xcconfig */,
				A5C655D5B8D8E5BF413CE060 /* Pods-KidsFit.debug (development).xcconfig */,
				E1C0884AEAA1867A2492EADB /* Pods-KidsFit.release (production).xcconfig */,
				C4A25612C28D34FAA7EEE772 /* Pods-KidsFit.release (development).xcconfig */,
				F12608F6389F70BAC32A4713 /* Pods-KidsFit-KidsFitUITests.debug (production).xcconfig */,
				133386C9C88E7D843C196D00 /* Pods-KidsFit-KidsFitUITests.debug (development).xcconfig */,
				C91083012A3608A6DF3E23F4 /* Pods-KidsFit-KidsFitUITests.release (production).xcconfig */,
				CDC6BE0F9C7CE8C36054A7D9 /* Pods-KidsFit-KidsFitUITests.release (development).xcconfig */,
				3F36A912D7CCE04EEA2EF0E9 /* Pods-KidsFitTests.debug (production).xcconfig */,
				EB57DF7B2E4F52E252672C6D /* Pods-KidsFitTests.debug (development).xcconfig */,
				D638CF4AD8A8935165DD2CCB /* Pods-KidsFitTests.release (production).xcconfig */,
				E7CA2DC3451CEFBE15AD70C5 /* Pods-KidsFitTests.release (development).xcconfig */,
			);
			path = Pods;
			sourceTree = "<group>";
		};
		6AD590F67A4BDE09D50B6D61 /* Frameworks */ = {
			isa = PBXGroup;
			children = (
				AB45A7510120F04E48198594 /* Pods_KidsFit.framework */,
				A9955FBC87D509B63F610E8F /* Pods_KidsFit_KidsFitUITests.framework */,
				61D748247D6979FADDB40F67 /* Pods_KidsFitTests.framework */,
			);
			name = Frameworks;
			sourceTree = "<group>";
		};
		7B6625F42645D6AD004D8CA4 /* Views */ = {
			isa = PBXGroup;
			children = (
				7B6625F52645D713004D8CA4 /* NavBarButtonDateView.swift */,
				7B6625FD2645D732004D8CA4 /* NavBarButtonDateView.xib */,
				7BEE699F264754BF00888EC9 /* TextfieldWithTitle.swift */,
				7BEE69A4264754D700888EC9 /* TextfieldWithTitle.xib */,
			);
			path = Views;
			sourceTree = "<group>";
		};
		7BA3218A264A311D00DC4031 /* Configs */ = {
			isa = PBXGroup;
			children = (
				7BA3218B264A317B00DC4031 /* Development.xcconfig */,
				7BA3218C264A31AA00DC4031 /* Production.xcconfig */,
				7BA32243264A429000DC4031 /* Environment.swift */,
			);
			path = Configs;
			sourceTree = "<group>";
		};
		7BB3DD3225C5E92A0099CC7E = {
			isa = PBXGroup;
			children = (
				7BB3DD3D25C5E92A0099CC7E /* KidsFit */,
				7BB3DD5425C5E92C0099CC7E /* KidsFitTests */,
				7BB3DD5F25C5E92C0099CC7E /* KidsFitUITests */,
				7BB3DD3C25C5E92A0099CC7E /* Products */,
				025D5606B29E91BF241414AB /* Pods */,
				6AD590F67A4BDE09D50B6D61 /* Frameworks */,
			);
			sourceTree = "<group>";
		};
		7BB3DD3C25C5E92A0099CC7E /* Products */ = {
			isa = PBXGroup;
			children = (
				7BB3DD3B25C5E92A0099CC7E /* KidsFit.app */,
				7BB3DD5125C5E92C0099CC7E /* KidsFitTests.xctest */,
				7BB3DD5C25C5E92C0099CC7E /* KidsFitUITests.xctest */,
			);
			name = Products;
			sourceTree = "<group>";
		};
		7BB3DD3D25C5E92A0099CC7E /* KidsFit */ = {
			isa = PBXGroup;
			children = (
				7BA3218A264A311D00DC4031 /* Configs */,
				7BB3DD3E25C5E92A0099CC7E /* AppDelegate.swift */,
				7BB3DE6525CE24930099CC7E /* AppError.swift */,
				7BB3DD4025C5E92A0099CC7E /* SceneDelegate.swift */,
				7BB3DD4225C5E92A0099CC7E /* WhiteboardViewController.swift */,
				7BB3DDBF25C635470099CC7E /* SignupViewController.swift */,
				7BB3DEC02603EFD40099CC7E /* LoginViewController.swift */,
				7BB3DE6C25CE2BE10099CC7E /* DatePickerViewController.swift */,
				7BB3DE7325CFA1540099CC7E /* UserEntranceViewController.swift */,
				7BB3DE8225CFC5BD0099CC7E /* MeViewController.swift */,
				7BB3DE6025CBB4D50099CC7E /* CommunityViewController.swift */,
				7BB3DEE8260C29EB0099CC7E /* PostViewController.swift */,
				7B662566260D71F2004D8CA4 /* MoreViewController.swift */,
				7B662572260D8821004D8CA4 /* MyInfoViewController.swift */,
				7B662589264471DE004D8CA4 /* EditWODViewController.swift */,
				7BEE69E92647A5C300888EC9 /* WorkoutVideosViewController.swift */,
				7BA3C53F264C53CB001304B8 /* ForgetPasswordViewController.swift */,
				7BB3DE3125C74C730099CC7E /* Extensions */,
				7BB3DDDB25C6694B0099CC7E /* Services */,
				7B6625F42645D6AD004D8CA4 /* Views */,
				7BB3DE3B25C8A4950099CC7E /* Cells */,
				7BB3DE5725C8E0910099CC7E /* Models */,
				7BB3DD4425C5E92A0099CC7E /* Main.storyboard */,
				7BB3DD9025C625DE0099CC7E /* Authentication.storyboard */,
				7BB3DD4725C5E92B0099CC7E /* Assets.xcassets */,
				7BB3DD4925C5E92B0099CC7E /* LaunchScreen.storyboard */,
				7BB3DD4C25C5E92B0099CC7E /* Info.plist */,
				7BB3DDA525C629DF0099CC7E /* GoogleService-Info.plist */,
			);
			path = KidsFit;
			sourceTree = "<group>";
		};
		7BB3DD5425C5E92C0099CC7E /* KidsFitTests */ = {
			isa = PBXGroup;
			children = (
				7BB3DD5525C5E92C0099CC7E /* KidsFitTests.swift */,
				7BB3DD5725C5E92C0099CC7E /* Info.plist */,
			);
			path = KidsFitTests;
			sourceTree = "<group>";
		};
		7BB3DD5F25C5E92C0099CC7E /* KidsFitUITests */ = {
			isa = PBXGroup;
			children = (
				7BB3DD6025C5E92C0099CC7E /* KidsFitUITests.swift */,
				7BB3DD6225C5E92C0099CC7E /* Info.plist */,
			);
			path = KidsFitUITests;
			sourceTree = "<group>";
		};
		7BB3DDDB25C6694B0099CC7E /* Services */ = {
			isa = PBXGroup;
			children = (
				7BB3DDDC25C66A3B0099CC7E /* FirebaseAuth.swift */,
				7BB3DE0C25C687180099CC7E /* FirebaseDatabaseHelper.swift */,
				7BEE69A926475ED800888EC9 /* FirebaseKeys.swift */,
				7B66258E264486AC004D8CA4 /* FlashAlert.swift */,
			);
			path = Services;
			sourceTree = "<group>";
		};
		7BB3DE3125C74C730099CC7E /* Extensions */ = {
			isa = PBXGroup;
			children = (
				7BB3DE3225C74C910099CC7E /* DateFormatterExtension.swift */,
				7BB3DE4625C8A54B0099CC7E /* UITableViewCellExtenstion.swift */,
				7BB3DE4B25C8A6520099CC7E /* UITableViewExtenstion.swift */,
				7BB3DE8925D0ED580099CC7E /* UIViewControllerExtension.swift */,
				7BB3DEA625D38F2B0099CC7E /* UIViewExtensions.swift */,
				7BB3DEB92602F1670099CC7E /* UserdefaultsExtension.swift */,
				7B662577260D8998004D8CA4 /* UIStoryboardExtension.swift */,
				7B66261C26462B96004D8CA4 /* UIImageExtension.swift */,
				7BEE699A26464BC500888EC9 /* UITextviewExtension.swift */,
				7BEE69E4264789A600888EC9 /* DictionaryExtension.swift */,
				7BA321442648EAB400DC4031 /* UIFontExtension.swift */,
			);
			path = Extensions;
			sourceTree = "<group>";
		};
		7BB3DE3B25C8A4950099CC7E /* Cells */ = {
			isa = PBXGroup;
			children = (
				7BB3DE3C25C8A4F00099CC7E /* WODWorkoutTableViewCell.swift */,
				7BB3DE3D25C8A4F00099CC7E /* WODWorkoutTableViewCell.xib */,
				7BB3DE5025C8AD270099CC7E /* WODCommentTableViewCell.swift */,
				7BB3DE5125C8AD270099CC7E /* WODCommentTableViewCell.xib */,
				7BB3DEE1260AE0D70099CC7E /* PostTableViewCell.swift */,
				7BB3DEE2260AE0D70099CC7E /* PostTableViewCell.xib */,
				7B66256B260D72C6004D8CA4 /* MoreTableViewCell.swift */,
				7B66256C260D72C6004D8CA4 /* MoreTableViewCell.xib */,
				7BEE69EE2647A6A100888EC9 /* VideoThumbnailTableViewCell.swift */,
				7BEE69EF2647A6A100888EC9 /* VideoThumbnailTableViewCell.xib */,
				7BA321492649860600DC4031 /* EmptyContentTableViewCell.swift */,
				7BA3214A2649860600DC4031 /* EmptyContentTableViewCell.xib */,
			);
			path = Cells;
			sourceTree = "<group>";
		};
		7BB3DE5725C8E0910099CC7E /* Models */ = {
			isa = PBXGroup;
			children = (
				7BB3DE5B25C8F07E0099CC7E /* WOD.swift */,
				7BB3DE7825CFADF50099CC7E /* User.swift */,
				7BB3DEB225D3B3810099CC7E /* Comment.swift */,
				7BB3DEAB25D3B1F70099CC7E /* FirebaseObject.swift */,
				7BB3DEDC260A88710099CC7E /* Post.swift */,
				7BA321502649A25F00DC4031 /* Gym.swift */,
			);
			path = Models;
			sourceTree = "<group>";
		};
/* End PBXGroup section */

/* Begin PBXNativeTarget section */
		7BB3DD3A25C5E92A0099CC7E /* KidsFit */ = {
			isa = PBXNativeTarget;
			buildConfigurationList = 7BB3DD6525C5E92C0099CC7E /* Build configuration list for PBXNativeTarget "KidsFit" */;
			buildPhases = (
				0ED88052E0F296B1E6E02517 /* [CP] Check Pods Manifest.lock */,
				7BB3DD3725C5E92A0099CC7E /* Sources */,
				7BB3DD3825C5E92A0099CC7E /* Frameworks */,
				7BB3DD3925C5E92A0099CC7E /* Resources */,
				15284FFCB3AC3F577552B7D5 /* [CP] Embed Pods Frameworks */,
			);
			buildRules = (
			);
			dependencies = (
			);
			name = KidsFit;
			productName = KidsFit;
			productReference = 7BB3DD3B25C5E92A0099CC7E /* KidsFit.app */;
			productType = "com.apple.product-type.application";
		};
		7BB3DD5025C5E92C0099CC7E /* KidsFitTests */ = {
			isa = PBXNativeTarget;
			buildConfigurationList = 7BB3DD6825C5E92C0099CC7E /* Build configuration list for PBXNativeTarget "KidsFitTests" */;
			buildPhases = (
				4CD42E5A062910955BEEA605 /* [CP] Check Pods Manifest.lock */,
				7BB3DD4D25C5E92C0099CC7E /* Sources */,
				7BB3DD4E25C5E92C0099CC7E /* Frameworks */,
				7BB3DD4F25C5E92C0099CC7E /* Resources */,
			);
			buildRules = (
			);
			dependencies = (
				7BB3DD5325C5E92C0099CC7E /* PBXTargetDependency */,
			);
			name = KidsFitTests;
			productName = KidsFitTests;
			productReference = 7BB3DD5125C5E92C0099CC7E /* KidsFitTests.xctest */;
			productType = "com.apple.product-type.bundle.unit-test";
		};
		7BB3DD5B25C5E92C0099CC7E /* KidsFitUITests */ = {
			isa = PBXNativeTarget;
			buildConfigurationList = 7BB3DD6B25C5E92C0099CC7E /* Build configuration list for PBXNativeTarget "KidsFitUITests" */;
			buildPhases = (
				D9FEC4FF7B520CBF214B7A2E /* [CP] Check Pods Manifest.lock */,
				7BB3DD5825C5E92C0099CC7E /* Sources */,
				7BB3DD5925C5E92C0099CC7E /* Frameworks */,
				7BB3DD5A25C5E92C0099CC7E /* Resources */,
				7375AA9AD60C1CD48D3BEE25 /* [CP] Embed Pods Frameworks */,
			);
			buildRules = (
			);
			dependencies = (
				7BB3DD5E25C5E92C0099CC7E /* PBXTargetDependency */,
			);
			name = KidsFitUITests;
			productName = KidsFitUITests;
			productReference = 7BB3DD5C25C5E92C0099CC7E /* KidsFitUITests.xctest */;
			productType = "com.apple.product-type.bundle.ui-testing";
		};
/* End PBXNativeTarget section */

/* Begin PBXProject section */
		7BB3DD3325C5E92A0099CC7E /* Project object */ = {
			isa = PBXProject;
			attributes = {
				LastSwiftUpdateCheck = 1240;
				LastUpgradeCheck = 1240;
				TargetAttributes = {
					7BB3DD3A25C5E92A0099CC7E = {
						CreatedOnToolsVersion = 12.4;
						LastSwiftMigration = 1240;
					};
					7BB3DD5025C5E92C0099CC7E = {
						CreatedOnToolsVersion = 12.4;
						TestTargetID = 7BB3DD3A25C5E92A0099CC7E;
					};
					7BB3DD5B25C5E92C0099CC7E = {
						CreatedOnToolsVersion = 12.4;
						TestTargetID = 7BB3DD3A25C5E92A0099CC7E;
					};
				};
			};
			buildConfigurationList = 7BB3DD3625C5E92A0099CC7E /* Build configuration list for PBXProject "KidsFit" */;
			compatibilityVersion = "Xcode 9.3";
			developmentRegion = en;
			hasScannedForEncodings = 0;
			knownRegions = (
				en,
				Base,
			);
			mainGroup = 7BB3DD3225C5E92A0099CC7E;
			productRefGroup = 7BB3DD3C25C5E92A0099CC7E /* Products */;
			projectDirPath = "";
			projectRoot = "";
			targets = (
				7BB3DD3A25C5E92A0099CC7E /* KidsFit */,
				7BB3DD5025C5E92C0099CC7E /* KidsFitTests */,
				7BB3DD5B25C5E92C0099CC7E /* KidsFitUITests */,
			);
		};
/* End PBXProject section */

/* Begin PBXResourcesBuildPhase section */
		7BB3DD3925C5E92A0099CC7E /* Resources */ = {
			isa = PBXResourcesBuildPhase;
			buildActionMask = 2147483647;
			files = (
				7B66256E260D72C6004D8CA4 /* MoreTableViewCell.xib in Resources */,
				7BB3DD9125C625DE0099CC7E /* Authentication.storyboard in Resources */,
				7B6625FE2645D732004D8CA4 /* NavBarButtonDateView.xib in Resources */,
				7BB3DD4B25C5E92B0099CC7E /* LaunchScreen.storyboard in Resources */,
				7BB3DDA625C629DF0099CC7E /* GoogleService-Info.plist in Resources */,
				7BEE69A5264754D700888EC9 /* TextfieldWithTitle.xib in Resources */,
				7BB3DD4825C5E92B0099CC7E /* Assets.xcassets in Resources */,
				7BB3DE3F25C8A4F00099CC7E /* WODWorkoutTableViewCell.xib in Resources */,
				7BA3214C2649860600DC4031 /* EmptyContentTableViewCell.xib in Resources */,
				7BB3DE5325C8AD270099CC7E /* WODCommentTableViewCell.xib in Resources */,
				7BB3DD4625C5E92A0099CC7E /* Main.storyboard in Resources */,
				7BEE69F12647A6A100888EC9 /* VideoThumbnailTableViewCell.xib in Resources */,
				7BB3DEE4260AE0D80099CC7E /* PostTableViewCell.xib in Resources */,
			);
			runOnlyForDeploymentPostprocessing = 0;
		};
		7BB3DD4F25C5E92C0099CC7E /* Resources */ = {
			isa = PBXResourcesBuildPhase;
			buildActionMask = 2147483647;
			files = (
			);
			runOnlyForDeploymentPostprocessing = 0;
		};
		7BB3DD5A25C5E92C0099CC7E /* Resources */ = {
			isa = PBXResourcesBuildPhase;
			buildActionMask = 2147483647;
			files = (
			);
			runOnlyForDeploymentPostprocessing = 0;
		};
/* End PBXResourcesBuildPhase section */

/* Begin PBXShellScriptBuildPhase section */
		0ED88052E0F296B1E6E02517 /* [CP] Check Pods Manifest.lock */ = {
			isa = PBXShellScriptBuildPhase;
			buildActionMask = 2147483647;
			files = (
			);
			inputFileListPaths = (
			);
			inputPaths = (
				"${PODS_PODFILE_DIR_PATH}/Podfile.lock",
				"${PODS_ROOT}/Manifest.lock",
			);
			name = "[CP] Check Pods Manifest.lock";
			outputFileListPaths = (
			);
			outputPaths = (
				"$(DERIVED_FILE_DIR)/Pods-KidsFit-checkManifestLockResult.txt",
			);
			runOnlyForDeploymentPostprocessing = 0;
			shellPath = /bin/sh;
			shellScript = "diff \"${PODS_PODFILE_DIR_PATH}/Podfile.lock\" \"${PODS_ROOT}/Manifest.lock\" > /dev/null\nif [ $? != 0 ] ; then\n    # print error to STDERR\n    echo \"error: The sandbox is not in sync with the Podfile.lock. Run 'pod install' or update your CocoaPods installation.\" >&2\n    exit 1\nfi\n# This output is used by Xcode 'outputs' to avoid re-running this script phase.\necho \"SUCCESS\" > \"${SCRIPT_OUTPUT_FILE_0}\"\n";
			showEnvVarsInLog = 0;
		};
		15284FFCB3AC3F577552B7D5 /* [CP] Embed Pods Frameworks */ = {
			isa = PBXShellScriptBuildPhase;
			buildActionMask = 2147483647;
			files = (
			);
			inputFileListPaths = (
				"${PODS_ROOT}/Target Support Files/Pods-KidsFit/Pods-KidsFit-frameworks-${CONFIGURATION}-input-files.xcfilelist",
			);
			name = "[CP] Embed Pods Frameworks";
			outputFileListPaths = (
				"${PODS_ROOT}/Target Support Files/Pods-KidsFit/Pods-KidsFit-frameworks-${CONFIGURATION}-output-files.xcfilelist",
			);
			runOnlyForDeploymentPostprocessing = 0;
			shellPath = /bin/sh;
			shellScript = "\"${PODS_ROOT}/Target Support Files/Pods-KidsFit/Pods-KidsFit-frameworks.sh\"\n";
			showEnvVarsInLog = 0;
		};
		4CD42E5A062910955BEEA605 /* [CP] Check Pods Manifest.lock */ = {
			isa = PBXShellScriptBuildPhase;
			buildActionMask = 2147483647;
			files = (
			);
			inputFileListPaths = (
			);
			inputPaths = (
				"${PODS_PODFILE_DIR_PATH}/Podfile.lock",
				"${PODS_ROOT}/Manifest.lock",
			);
			name = "[CP] Check Pods Manifest.lock";
			outputFileListPaths = (
			);
			outputPaths = (
				"$(DERIVED_FILE_DIR)/Pods-KidsFitTests-checkManifestLockResult.txt",
			);
			runOnlyForDeploymentPostprocessing = 0;
			shellPath = /bin/sh;
			shellScript = "diff \"${PODS_PODFILE_DIR_PATH}/Podfile.lock\" \"${PODS_ROOT}/Manifest.lock\" > /dev/null\nif [ $? != 0 ] ; then\n    # print error to STDERR\n    echo \"error: The sandbox is not in sync with the Podfile.lock. Run 'pod install' or update your CocoaPods installation.\" >&2\n    exit 1\nfi\n# This output is used by Xcode 'outputs' to avoid re-running this script phase.\necho \"SUCCESS\" > \"${SCRIPT_OUTPUT_FILE_0}\"\n";
			showEnvVarsInLog = 0;
		};
		7375AA9AD60C1CD48D3BEE25 /* [CP] Embed Pods Frameworks */ = {
			isa = PBXShellScriptBuildPhase;
			buildActionMask = 2147483647;
			files = (
			);
			inputFileListPaths = (
				"${PODS_ROOT}/Target Support Files/Pods-KidsFit-KidsFitUITests/Pods-KidsFit-KidsFitUITests-frameworks-${CONFIGURATION}-input-files.xcfilelist",
			);
			name = "[CP] Embed Pods Frameworks";
			outputFileListPaths = (
				"${PODS_ROOT}/Target Support Files/Pods-KidsFit-KidsFitUITests/Pods-KidsFit-KidsFitUITests-frameworks-${CONFIGURATION}-output-files.xcfilelist",
			);
			runOnlyForDeploymentPostprocessing = 0;
			shellPath = /bin/sh;
			shellScript = "\"${PODS_ROOT}/Target Support Files/Pods-KidsFit-KidsFitUITests/Pods-KidsFit-KidsFitUITests-frameworks.sh\"\n";
			showEnvVarsInLog = 0;
		};
		D9FEC4FF7B520CBF214B7A2E /* [CP] Check Pods Manifest.lock */ = {
			isa = PBXShellScriptBuildPhase;
			buildActionMask = 2147483647;
			files = (
			);
			inputFileListPaths = (
			);
			inputPaths = (
				"${PODS_PODFILE_DIR_PATH}/Podfile.lock",
				"${PODS_ROOT}/Manifest.lock",
			);
			name = "[CP] Check Pods Manifest.lock";
			outputFileListPaths = (
			);
			outputPaths = (
				"$(DERIVED_FILE_DIR)/Pods-KidsFit-KidsFitUITests-checkManifestLockResult.txt",
			);
			runOnlyForDeploymentPostprocessing = 0;
			shellPath = /bin/sh;
			shellScript = "diff \"${PODS_PODFILE_DIR_PATH}/Podfile.lock\" \"${PODS_ROOT}/Manifest.lock\" > /dev/null\nif [ $? != 0 ] ; then\n    # print error to STDERR\n    echo \"error: The sandbox is not in sync with the Podfile.lock. Run 'pod install' or update your CocoaPods installation.\" >&2\n    exit 1\nfi\n# This output is used by Xcode 'outputs' to avoid re-running this script phase.\necho \"SUCCESS\" > \"${SCRIPT_OUTPUT_FILE_0}\"\n";
			showEnvVarsInLog = 0;
		};
/* End PBXShellScriptBuildPhase section */

/* Begin PBXSourcesBuildPhase section */
		7BB3DD3725C5E92A0099CC7E /* Sources */ = {
			isa = PBXSourcesBuildPhase;
			buildActionMask = 2147483647;
			files = (
				7BB3DE8325CFC5BD0099CC7E /* MeViewController.swift in Sources */,
				7BB3DE3E25C8A4F00099CC7E /* WODWorkoutTableViewCell.swift in Sources */,
				7BB3DD4325C5E92A0099CC7E /* WhiteboardViewController.swift in Sources */,
				7B66258F264486AC004D8CA4 /* FlashAlert.swift in Sources */,
				7BA32244264A429000DC4031 /* Environment.swift in Sources */,
				7BB3DE7425CFA1540099CC7E /* UserEntranceViewController.swift in Sources */,
				7BA3214B2649860600DC4031 /* EmptyContentTableViewCell.swift in Sources */,
				7BB3DD3F25C5E92A0099CC7E /* AppDelegate.swift in Sources */,
				7BEE69F02647A6A100888EC9 /* VideoThumbnailTableViewCell.swift in Sources */,
				7BEE69AA26475ED800888EC9 /* FirebaseKeys.swift in Sources */,
				7BEE69E5264789A600888EC9 /* DictionaryExtension.swift in Sources */,
				7BB3DEAC25D3B1F70099CC7E /* FirebaseObject.swift in Sources */,
				7BA321452648EAB500DC4031 /* UIFontExtension.swift in Sources */,
				7BB3DE3325C74C910099CC7E /* DateFormatterExtension.swift in Sources */,
				7BB3DEA725D38F2B0099CC7E /* UIViewExtensions.swift in Sources */,
				7BB3DE4C25C8A6520099CC7E /* UITableViewExtenstion.swift in Sources */,
				7BB3DEDD260A88720099CC7E /* Post.swift in Sources */,
				7BB3DEB325D3B3810099CC7E /* Comment.swift in Sources */,
				7B66258A264471DE004D8CA4 /* EditWODViewController.swift in Sources */,
				7BEE69EA2647A5C300888EC9 /* WorkoutVideosViewController.swift in Sources */,
				7B66261D26462B96004D8CA4 /* UIImageExtension.swift in Sources */,
				7BB3DDDD25C66A3B0099CC7E /* FirebaseAuth.swift in Sources */,
				7B6625F62645D713004D8CA4 /* NavBarButtonDateView.swift in Sources */,
				7BB3DE7925CFADF50099CC7E /* User.swift in Sources */,
				7BB3DEC12603EFD40099CC7E /* LoginViewController.swift in Sources */,
				7BB3DE6625CE24930099CC7E /* AppError.swift in Sources */,
				7BB3DEE3260AE0D80099CC7E /* PostTableViewCell.swift in Sources */,
				7BB3DEBA2602F1670099CC7E /* UserdefaultsExtension.swift in Sources */,
				7BB3DE5C25C8F07E0099CC7E /* WOD.swift in Sources */,
				7BB3DEE9260C29EC0099CC7E /* PostViewController.swift in Sources */,
				7BB3DE5225C8AD270099CC7E /* WODCommentTableViewCell.swift in Sources */,
				7BB3DE0D25C687180099CC7E /* FirebaseDatabaseHelper.swift in Sources */,
				7B662567260D71F2004D8CA4 /* MoreViewController.swift in Sources */,
				7B662573260D8821004D8CA4 /* MyInfoViewController.swift in Sources */,
				7BA321512649A25F00DC4031 /* Gym.swift in Sources */,
				7BB3DE6125CBB4D50099CC7E /* CommunityViewController.swift in Sources */,
				7BB3DE6D25CE2BE10099CC7E /* DatePickerViewController.swift in Sources */,
				7BEE69A0264754C000888EC9 /* TextfieldWithTitle.swift in Sources */,
				7BA3C540264C53CB001304B8 /* ForgetPasswordViewController.swift in Sources */,
				7BB3DDC025C635470099CC7E /* SignupViewController.swift in Sources */,
				7B662578260D8998004D8CA4 /* UIStoryboardExtension.swift in Sources */,
				7B66256D260D72C6004D8CA4 /* MoreTableViewCell.swift in Sources */,
				7BEE699B26464BC500888EC9 /* UITextviewExtension.swift in Sources */,
				7BB3DE8A25D0ED580099CC7E /* UIViewControllerExtension.swift in Sources */,
				7BB3DD4125C5E92A0099CC7E /* SceneDelegate.swift in Sources */,
				7BB3DE4725C8A54B0099CC7E /* UITableViewCellExtenstion.swift in Sources */,
			);
			runOnlyForDeploymentPostprocessing = 0;
		};
		7BB3DD4D25C5E92C0099CC7E /* Sources */ = {
			isa = PBXSourcesBuildPhase;
			buildActionMask = 2147483647;
			files = (
				7BB3DE8425CFC5BD0099CC7E /* MeViewController.swift in Sources */,
				7BB3DE7A25CFADF50099CC7E /* User.swift in Sources */,
				7BB3DE8B25D0ED590099CC7E /* UIViewControllerExtension.swift in Sources */,
				7BB3DEB425D3B3810099CC7E /* Comment.swift in Sources */,
				7BB3DEBB2602F1670099CC7E /* UserdefaultsExtension.swift in Sources */,
				7BB3DE6725CE24930099CC7E /* AppError.swift in Sources */,
				7BB3DD5625C5E92C0099CC7E /* KidsFitTests.swift in Sources */,
				7BB3DEAD25D3B1F70099CC7E /* FirebaseObject.swift in Sources */,
				7BB3DEC22603EFD40099CC7E /* LoginViewController.swift in Sources */,
				7BB3DE6E25CE2BE10099CC7E /* DatePickerViewController.swift in Sources */,
			);
			runOnlyForDeploymentPostprocessing = 0;
		};
		7BB3DD5825C5E92C0099CC7E /* Sources */ = {
			isa = PBXSourcesBuildPhase;
			buildActionMask = 2147483647;
			files = (
				7BB3DE8525CFC5BD0099CC7E /* MeViewController.swift in Sources */,
				7BB3DE7B25CFADF50099CC7E /* User.swift in Sources */,
				7BB3DE8C25D0ED590099CC7E /* UIViewControllerExtension.swift in Sources */,
				7BB3DEB525D3B3810099CC7E /* Comment.swift in Sources */,
				7BB3DEBC2602F1670099CC7E /* UserdefaultsExtension.swift in Sources */,
				7BB3DE6825CE24930099CC7E /* AppError.swift in Sources */,
				7BB3DD6125C5E92C0099CC7E /* KidsFitUITests.swift in Sources */,
				7BB3DEAE25D3B1F70099CC7E /* FirebaseObject.swift in Sources */,
				7BB3DEC32603EFD40099CC7E /* LoginViewController.swift in Sources */,
				7BB3DE6F25CE2BE10099CC7E /* DatePickerViewController.swift in Sources */,
			);
			runOnlyForDeploymentPostprocessing = 0;
		};
/* End PBXSourcesBuildPhase section */

/* Begin PBXTargetDependency section */
		7BB3DD5325C5E92C0099CC7E /* PBXTargetDependency */ = {
			isa = PBXTargetDependency;
			target = 7BB3DD3A25C5E92A0099CC7E /* KidsFit */;
			targetProxy = 7BB3DD5225C5E92C0099CC7E /* PBXContainerItemProxy */;
		};
		7BB3DD5E25C5E92C0099CC7E /* PBXTargetDependency */ = {
			isa = PBXTargetDependency;
			target = 7BB3DD3A25C5E92A0099CC7E /* KidsFit */;
			targetProxy = 7BB3DD5D25C5E92C0099CC7E /* PBXContainerItemProxy */;
		};
/* End PBXTargetDependency section */

/* Begin PBXVariantGroup section */
		7BB3DD4425C5E92A0099CC7E /* Main.storyboard */ = {
			isa = PBXVariantGroup;
			children = (
				7BB3DD4525C5E92A0099CC7E /* Base */,
			);
			name = Main.storyboard;
			sourceTree = "<group>";
		};
		7BB3DD4925C5E92B0099CC7E /* LaunchScreen.storyboard */ = {
			isa = PBXVariantGroup;
			children = (
				7BB3DD4A25C5E92B0099CC7E /* Base */,
			);
			name = LaunchScreen.storyboard;
			sourceTree = "<group>";
		};
/* End PBXVariantGroup section */

/* Begin XCBuildConfiguration section */
		7BA3216F264A2F3D00DC4031 /* Debug (development) */ = {
			isa = XCBuildConfiguration;
			baseConfigurationReference = 7BA3218B264A317B00DC4031 /* Development.xcconfig */;
			buildSettings = {
				ALWAYS_SEARCH_USER_PATHS = NO;
				CLANG_ANALYZER_NONNULL = YES;
				CLANG_ANALYZER_NUMBER_OBJECT_CONVERSION = YES_AGGRESSIVE;
				CLANG_CXX_LANGUAGE_STANDARD = "gnu++14";
				CLANG_CXX_LIBRARY = "libc++";
				CLANG_ENABLE_MODULES = YES;
				CLANG_ENABLE_OBJC_ARC = YES;
				CLANG_ENABLE_OBJC_WEAK = YES;
				CLANG_WARN_BLOCK_CAPTURE_AUTORELEASING = YES;
				CLANG_WARN_BOOL_CONVERSION = YES;
				CLANG_WARN_COMMA = YES;
				CLANG_WARN_CONSTANT_CONVERSION = YES;
				CLANG_WARN_DEPRECATED_OBJC_IMPLEMENTATIONS = YES;
				CLANG_WARN_DIRECT_OBJC_ISA_USAGE = YES_ERROR;
				CLANG_WARN_DOCUMENTATION_COMMENTS = YES;
				CLANG_WARN_EMPTY_BODY = YES;
				CLANG_WARN_ENUM_CONVERSION = YES;
				CLANG_WARN_INFINITE_RECURSION = YES;
				CLANG_WARN_INT_CONVERSION = YES;
				CLANG_WARN_NON_LITERAL_NULL_CONVERSION = YES;
				CLANG_WARN_OBJC_IMPLICIT_RETAIN_SELF = YES;
				CLANG_WARN_OBJC_LITERAL_CONVERSION = YES;
				CLANG_WARN_OBJC_ROOT_CLASS = YES_ERROR;
				CLANG_WARN_QUOTED_INCLUDE_IN_FRAMEWORK_HEADER = YES;
				CLANG_WARN_RANGE_LOOP_ANALYSIS = YES;
				CLANG_WARN_STRICT_PROTOTYPES = YES;
				CLANG_WARN_SUSPICIOUS_MOVE = YES;
				CLANG_WARN_UNGUARDED_AVAILABILITY = YES_AGGRESSIVE;
				CLANG_WARN_UNREACHABLE_CODE = YES;
				CLANG_WARN__DUPLICATE_METHOD_MATCH = YES;
				COPY_PHASE_STRIP = NO;
				DEBUG_INFORMATION_FORMAT = dwarf;
				ENABLE_STRICT_OBJC_MSGSEND = YES;
				ENABLE_TESTABILITY = YES;
				GCC_C_LANGUAGE_STANDARD = gnu11;
				GCC_DYNAMIC_NO_PIC = NO;
				GCC_NO_COMMON_BLOCKS = YES;
				GCC_OPTIMIZATION_LEVEL = 0;
				GCC_PREPROCESSOR_DEFINITIONS = (
					"DEBUG=1",
					"$(inherited)",
				);
				GCC_WARN_64_TO_32_BIT_CONVERSION = YES;
				GCC_WARN_ABOUT_RETURN_TYPE = YES_ERROR;
				GCC_WARN_UNDECLARED_SELECTOR = YES;
				GCC_WARN_UNINITIALIZED_AUTOS = YES_AGGRESSIVE;
				GCC_WARN_UNUSED_FUNCTION = YES;
				GCC_WARN_UNUSED_VARIABLE = YES;
				IPHONEOS_DEPLOYMENT_TARGET = 14.1;
				MTL_ENABLE_DEBUG_INFO = INCLUDE_SOURCE;
				MTL_FAST_MATH = YES;
				ONLY_ACTIVE_ARCH = YES;
				SDKROOT = iphoneos;
				SWIFT_ACTIVE_COMPILATION_CONDITIONS = DEBUG;
				SWIFT_OPTIMIZATION_LEVEL = "-Onone";
			};
			name = "Debug (development)";
		};
		7BA32170264A2F3D00DC4031 /* Debug (development) */ = {
			isa = XCBuildConfiguration;
			baseConfigurationReference = 7BA3218B264A317B00DC4031 /* Development.xcconfig */;
			buildSettings = {
				ASSETCATALOG_COMPILER_APPICON_NAME = AppIcon;
				ASSETCATALOG_COMPILER_GLOBAL_ACCENT_COLOR_NAME = AccentColor;
				CLANG_ENABLE_MODULES = YES;
				CODE_SIGN_STYLE = Automatic;
				DEVELOPMENT_TEAM = H7QBMXQ554;
				INFOPLIST_FILE = KidsFit/Info.plist;
				IPHONEOS_DEPLOYMENT_TARGET = 14.1;
				LD_RUNPATH_SEARCH_PATHS = (
					"$(inherited)",
					"@executable_path/Frameworks",
				);
				PRODUCT_BUNDLE_IDENTIFIER = com.ying.KidsFit;
				PRODUCT_NAME = "$(TARGET_NAME)";
				SWIFT_OBJC_BRIDGING_HEADER = "";
				SWIFT_OPTIMIZATION_LEVEL = "-Onone";
				SWIFT_VERSION = 5.0;
				TARGETED_DEVICE_FAMILY = 1;
			};
			name = "Debug (development)";
		};
		7BA32171264A2F3D00DC4031 /* Debug (development) */ = {
			isa = XCBuildConfiguration;
			baseConfigurationReference = EB57DF7B2E4F52E252672C6D /* Pods-KidsFitTests.debug (development).xcconfig */;
			buildSettings = {
				ALWAYS_EMBED_SWIFT_STANDARD_LIBRARIES = YES;
				BUNDLE_LOADER = "$(TEST_HOST)";
				CODE_SIGN_STYLE = Automatic;
				DEVELOPMENT_TEAM = H7QBMXQ554;
				INFOPLIST_FILE = KidsFitTests/Info.plist;
				IPHONEOS_DEPLOYMENT_TARGET = 14.4;
				LD_RUNPATH_SEARCH_PATHS = (
					"$(inherited)",
					"@executable_path/Frameworks",
					"@loader_path/Frameworks",
				);
				PRODUCT_BUNDLE_IDENTIFIER = com.ying.KidsFitTests;
				PRODUCT_NAME = "$(TARGET_NAME)";
				SWIFT_VERSION = 5.0;
				TARGETED_DEVICE_FAMILY = "1,2";
				TEST_HOST = "$(BUILT_PRODUCTS_DIR)/KidsFit.app/KidsFit";
			};
			name = "Debug (development)";
		};
		7BA32172264A2F3D00DC4031 /* Debug (development) */ = {
			isa = XCBuildConfiguration;
			baseConfigurationReference = 133386C9C88E7D843C196D00 /* Pods-KidsFit-KidsFitUITests.debug (development).xcconfig */;
			buildSettings = {
				ALWAYS_EMBED_SWIFT_STANDARD_LIBRARIES = YES;
				CODE_SIGN_STYLE = Automatic;
				DEVELOPMENT_TEAM = H7QBMXQ554;
				INFOPLIST_FILE = KidsFitUITests/Info.plist;
				LD_RUNPATH_SEARCH_PATHS = (
					"$(inherited)",
					"@executable_path/Frameworks",
					"@loader_path/Frameworks",
				);
				PRODUCT_BUNDLE_IDENTIFIER = com.ying.KidsFitUITests;
				PRODUCT_NAME = "$(TARGET_NAME)";
				SWIFT_VERSION = 5.0;
				TARGETED_DEVICE_FAMILY = "1,2";
				TEST_TARGET_NAME = KidsFit;
			};
			name = "Debug (development)";
		};
		7BA32177264A2FA100DC4031 /* Release (development) */ = {
			isa = XCBuildConfiguration;
			baseConfigurationReference = 7BA3218B264A317B00DC4031 /* Development.xcconfig */;
			buildSettings = {
				ALWAYS_SEARCH_USER_PATHS = NO;
				CLANG_ANALYZER_NONNULL = YES;
				CLANG_ANALYZER_NUMBER_OBJECT_CONVERSION = YES_AGGRESSIVE;
				CLANG_CXX_LANGUAGE_STANDARD = "gnu++14";
				CLANG_CXX_LIBRARY = "libc++";
				CLANG_ENABLE_MODULES = YES;
				CLANG_ENABLE_OBJC_ARC = YES;
				CLANG_ENABLE_OBJC_WEAK = YES;
				CLANG_WARN_BLOCK_CAPTURE_AUTORELEASING = YES;
				CLANG_WARN_BOOL_CONVERSION = YES;
				CLANG_WARN_COMMA = YES;
				CLANG_WARN_CONSTANT_CONVERSION = YES;
				CLANG_WARN_DEPRECATED_OBJC_IMPLEMENTATIONS = YES;
				CLANG_WARN_DIRECT_OBJC_ISA_USAGE = YES_ERROR;
				CLANG_WARN_DOCUMENTATION_COMMENTS = YES;
				CLANG_WARN_EMPTY_BODY = YES;
				CLANG_WARN_ENUM_CONVERSION = YES;
				CLANG_WARN_INFINITE_RECURSION = YES;
				CLANG_WARN_INT_CONVERSION = YES;
				CLANG_WARN_NON_LITERAL_NULL_CONVERSION = YES;
				CLANG_WARN_OBJC_IMPLICIT_RETAIN_SELF = YES;
				CLANG_WARN_OBJC_LITERAL_CONVERSION = YES;
				CLANG_WARN_OBJC_ROOT_CLASS = YES_ERROR;
				CLANG_WARN_QUOTED_INCLUDE_IN_FRAMEWORK_HEADER = YES;
				CLANG_WARN_RANGE_LOOP_ANALYSIS = YES;
				CLANG_WARN_STRICT_PROTOTYPES = YES;
				CLANG_WARN_SUSPICIOUS_MOVE = YES;
				CLANG_WARN_UNGUARDED_AVAILABILITY = YES_AGGRESSIVE;
				CLANG_WARN_UNREACHABLE_CODE = YES;
				CLANG_WARN__DUPLICATE_METHOD_MATCH = YES;
				COPY_PHASE_STRIP = NO;
				DEBUG_INFORMATION_FORMAT = "dwarf-with-dsym";
				ENABLE_NS_ASSERTIONS = NO;
				ENABLE_STRICT_OBJC_MSGSEND = YES;
				GCC_C_LANGUAGE_STANDARD = gnu11;
				GCC_NO_COMMON_BLOCKS = YES;
				GCC_WARN_64_TO_32_BIT_CONVERSION = YES;
				GCC_WARN_ABOUT_RETURN_TYPE = YES_ERROR;
				GCC_WARN_UNDECLARED_SELECTOR = YES;
				GCC_WARN_UNINITIALIZED_AUTOS = YES_AGGRESSIVE;
				GCC_WARN_UNUSED_FUNCTION = YES;
				GCC_WARN_UNUSED_VARIABLE = YES;
				IPHONEOS_DEPLOYMENT_TARGET = 14.1;
				MTL_ENABLE_DEBUG_INFO = NO;
				MTL_FAST_MATH = YES;
				SDKROOT = iphoneos;
				SWIFT_COMPILATION_MODE = wholemodule;
				SWIFT_OPTIMIZATION_LEVEL = "-O";
				VALIDATE_PRODUCT = YES;
			};
			name = "Release (development)";
		};
		7BA32178264A2FA100DC4031 /* Release (development) */ = {
			isa = XCBuildConfiguration;
			baseConfigurationReference = 7BA3218B264A317B00DC4031 /* Development.xcconfig */;
			buildSettings = {
				ASSETCATALOG_COMPILER_APPICON_NAME = AppIcon;
				ASSETCATALOG_COMPILER_GLOBAL_ACCENT_COLOR_NAME = AccentColor;
				CLANG_ENABLE_MODULES = YES;
				CODE_SIGN_STYLE = Automatic;
				DEVELOPMENT_TEAM = H7QBMXQ554;
				INFOPLIST_FILE = KidsFit/Info.plist;
				IPHONEOS_DEPLOYMENT_TARGET = 14.1;
				LD_RUNPATH_SEARCH_PATHS = (
					"$(inherited)",
					"@executable_path/Frameworks",
				);
				PRODUCT_BUNDLE_IDENTIFIER = com.ying.KidsFit;
				PRODUCT_NAME = "$(TARGET_NAME)";
				SWIFT_OBJC_BRIDGING_HEADER = "";
				SWIFT_VERSION = 5.0;
				TARGETED_DEVICE_FAMILY = 1;
			};
			name = "Release (development)";
		};
		7BA32179264A2FA100DC4031 /* Release (development) */ = {
			isa = XCBuildConfiguration;
			baseConfigurationReference = E7CA2DC3451CEFBE15AD70C5 /* Pods-KidsFitTests.release (development).xcconfig */;
			buildSettings = {
				ALWAYS_EMBED_SWIFT_STANDARD_LIBRARIES = YES;
				BUNDLE_LOADER = "$(TEST_HOST)";
				CODE_SIGN_STYLE = Automatic;
				DEVELOPMENT_TEAM = H7QBMXQ554;
				INFOPLIST_FILE = KidsFitTests/Info.plist;
				IPHONEOS_DEPLOYMENT_TARGET = 14.4;
				LD_RUNPATH_SEARCH_PATHS = (
					"$(inherited)",
					"@executable_path/Frameworks",
					"@loader_path/Frameworks",
				);
				PRODUCT_BUNDLE_IDENTIFIER = com.ying.KidsFitTests;
				PRODUCT_NAME = "$(TARGET_NAME)";
				SWIFT_VERSION = 5.0;
				TARGETED_DEVICE_FAMILY = "1,2";
				TEST_HOST = "$(BUILT_PRODUCTS_DIR)/KidsFit.app/KidsFit";
			};
			name = "Release (development)";
		};
		7BA3217A264A2FA100DC4031 /* Release (development) */ = {
			isa = XCBuildConfiguration;
			baseConfigurationReference = CDC6BE0F9C7CE8C36054A7D9 /* Pods-KidsFit-KidsFitUITests.release (development).xcconfig */;
			buildSettings = {
				ALWAYS_EMBED_SWIFT_STANDARD_LIBRARIES = YES;
				CODE_SIGN_STYLE = Automatic;
				DEVELOPMENT_TEAM = H7QBMXQ554;
				INFOPLIST_FILE = KidsFitUITests/Info.plist;
				LD_RUNPATH_SEARCH_PATHS = (
					"$(inherited)",
					"@executable_path/Frameworks",
					"@loader_path/Frameworks",
				);
				PRODUCT_BUNDLE_IDENTIFIER = com.ying.KidsFitUITests;
				PRODUCT_NAME = "$(TARGET_NAME)";
				SWIFT_VERSION = 5.0;
				TARGETED_DEVICE_FAMILY = "1,2";
				TEST_TARGET_NAME = KidsFit;
			};
			name = "Release (development)";
		};
		7BB3DD6325C5E92C0099CC7E /* Debug (production) */ = {
			isa = XCBuildConfiguration;
			baseConfigurationReference = 7BA3218C264A31AA00DC4031 /* Production.xcconfig */;
			buildSettings = {
				ALWAYS_SEARCH_USER_PATHS = NO;
				CLANG_ANALYZER_NONNULL = YES;
				CLANG_ANALYZER_NUMBER_OBJECT_CONVERSION = YES_AGGRESSIVE;
				CLANG_CXX_LANGUAGE_STANDARD = "gnu++14";
				CLANG_CXX_LIBRARY = "libc++";
				CLANG_ENABLE_MODULES = YES;
				CLANG_ENABLE_OBJC_ARC = YES;
				CLANG_ENABLE_OBJC_WEAK = YES;
				CLANG_WARN_BLOCK_CAPTURE_AUTORELEASING = YES;
				CLANG_WARN_BOOL_CONVERSION = YES;
				CLANG_WARN_COMMA = YES;
				CLANG_WARN_CONSTANT_CONVERSION = YES;
				CLANG_WARN_DEPRECATED_OBJC_IMPLEMENTATIONS = YES;
				CLANG_WARN_DIRECT_OBJC_ISA_USAGE = YES_ERROR;
				CLANG_WARN_DOCUMENTATION_COMMENTS = YES;
				CLANG_WARN_EMPTY_BODY = YES;
				CLANG_WARN_ENUM_CONVERSION = YES;
				CLANG_WARN_INFINITE_RECURSION = YES;
				CLANG_WARN_INT_CONVERSION = YES;
				CLANG_WARN_NON_LITERAL_NULL_CONVERSION = YES;
				CLANG_WARN_OBJC_IMPLICIT_RETAIN_SELF = YES;
				CLANG_WARN_OBJC_LITERAL_CONVERSION = YES;
				CLANG_WARN_OBJC_ROOT_CLASS = YES_ERROR;
				CLANG_WARN_QUOTED_INCLUDE_IN_FRAMEWORK_HEADER = YES;
				CLANG_WARN_RANGE_LOOP_ANALYSIS = YES;
				CLANG_WARN_STRICT_PROTOTYPES = YES;
				CLANG_WARN_SUSPICIOUS_MOVE = YES;
				CLANG_WARN_UNGUARDED_AVAILABILITY = YES_AGGRESSIVE;
				CLANG_WARN_UNREACHABLE_CODE = YES;
				CLANG_WARN__DUPLICATE_METHOD_MATCH = YES;
				COPY_PHASE_STRIP = NO;
				DEBUG_INFORMATION_FORMAT = dwarf;
				ENABLE_STRICT_OBJC_MSGSEND = YES;
				ENABLE_TESTABILITY = YES;
				GCC_C_LANGUAGE_STANDARD = gnu11;
				GCC_DYNAMIC_NO_PIC = NO;
				GCC_NO_COMMON_BLOCKS = YES;
				GCC_OPTIMIZATION_LEVEL = 0;
				GCC_PREPROCESSOR_DEFINITIONS = (
					"DEBUG=1",
					"$(inherited)",
				);
				GCC_WARN_64_TO_32_BIT_CONVERSION = YES;
				GCC_WARN_ABOUT_RETURN_TYPE = YES_ERROR;
				GCC_WARN_UNDECLARED_SELECTOR = YES;
				GCC_WARN_UNINITIALIZED_AUTOS = YES_AGGRESSIVE;
				GCC_WARN_UNUSED_FUNCTION = YES;
				GCC_WARN_UNUSED_VARIABLE = YES;
				IPHONEOS_DEPLOYMENT_TARGET = 14.1;
				MTL_ENABLE_DEBUG_INFO = INCLUDE_SOURCE;
				MTL_FAST_MATH = YES;
				ONLY_ACTIVE_ARCH = YES;
				SDKROOT = iphoneos;
				SWIFT_ACTIVE_COMPILATION_CONDITIONS = DEBUG;
				SWIFT_OPTIMIZATION_LEVEL = "-Onone";
			};
			name = "Debug (production)";
		};
		7BB3DD6425C5E92C0099CC7E /* Release (production) */ = {
			isa = XCBuildConfiguration;
			baseConfigurationReference = 7BA3218C264A31AA00DC4031 /* Production.xcconfig */;
			buildSettings = {
				ALWAYS_SEARCH_USER_PATHS = NO;
				CLANG_ANALYZER_NONNULL = YES;
				CLANG_ANALYZER_NUMBER_OBJECT_CONVERSION = YES_AGGRESSIVE;
				CLANG_CXX_LANGUAGE_STANDARD = "gnu++14";
				CLANG_CXX_LIBRARY = "libc++";
				CLANG_ENABLE_MODULES = YES;
				CLANG_ENABLE_OBJC_ARC = YES;
				CLANG_ENABLE_OBJC_WEAK = YES;
				CLANG_WARN_BLOCK_CAPTURE_AUTORELEASING = YES;
				CLANG_WARN_BOOL_CONVERSION = YES;
				CLANG_WARN_COMMA = YES;
				CLANG_WARN_CONSTANT_CONVERSION = YES;
				CLANG_WARN_DEPRECATED_OBJC_IMPLEMENTATIONS = YES;
				CLANG_WARN_DIRECT_OBJC_ISA_USAGE = YES_ERROR;
				CLANG_WARN_DOCUMENTATION_COMMENTS = YES;
				CLANG_WARN_EMPTY_BODY = YES;
				CLANG_WARN_ENUM_CONVERSION = YES;
				CLANG_WARN_INFINITE_RECURSION = YES;
				CLANG_WARN_INT_CONVERSION = YES;
				CLANG_WARN_NON_LITERAL_NULL_CONVERSION = YES;
				CLANG_WARN_OBJC_IMPLICIT_RETAIN_SELF = YES;
				CLANG_WARN_OBJC_LITERAL_CONVERSION = YES;
				CLANG_WARN_OBJC_ROOT_CLASS = YES_ERROR;
				CLANG_WARN_QUOTED_INCLUDE_IN_FRAMEWORK_HEADER = YES;
				CLANG_WARN_RANGE_LOOP_ANALYSIS = YES;
				CLANG_WARN_STRICT_PROTOTYPES = YES;
				CLANG_WARN_SUSPICIOUS_MOVE = YES;
				CLANG_WARN_UNGUARDED_AVAILABILITY = YES_AGGRESSIVE;
				CLANG_WARN_UNREACHABLE_CODE = YES;
				CLANG_WARN__DUPLICATE_METHOD_MATCH = YES;
				COPY_PHASE_STRIP = NO;
				DEBUG_INFORMATION_FORMAT = "dwarf-with-dsym";
				ENABLE_NS_ASSERTIONS = NO;
				ENABLE_STRICT_OBJC_MSGSEND = YES;
				GCC_C_LANGUAGE_STANDARD = gnu11;
				GCC_NO_COMMON_BLOCKS = YES;
				GCC_WARN_64_TO_32_BIT_CONVERSION = YES;
				GCC_WARN_ABOUT_RETURN_TYPE = YES_ERROR;
				GCC_WARN_UNDECLARED_SELECTOR = YES;
				GCC_WARN_UNINITIALIZED_AUTOS = YES_AGGRESSIVE;
				GCC_WARN_UNUSED_FUNCTION = YES;
				GCC_WARN_UNUSED_VARIABLE = YES;
				IPHONEOS_DEPLOYMENT_TARGET = 14.1;
				MTL_ENABLE_DEBUG_INFO = NO;
				MTL_FAST_MATH = YES;
				SDKROOT = iphoneos;
				SWIFT_COMPILATION_MODE = wholemodule;
				SWIFT_OPTIMIZATION_LEVEL = "-O";
				VALIDATE_PRODUCT = YES;
			};
			name = "Release (production)";
		};
		7BB3DD6625C5E92C0099CC7E /* Debug (production) */ = {
			isa = XCBuildConfiguration;
			baseConfigurationReference = 7BA3218C264A31AA00DC4031 /* Production.xcconfig */;
			buildSettings = {
				ASSETCATALOG_COMPILER_APPICON_NAME = AppIcon;
				ASSETCATALOG_COMPILER_GLOBAL_ACCENT_COLOR_NAME = AccentColor;
				CLANG_ENABLE_MODULES = YES;
				CODE_SIGN_STYLE = Automatic;
				DEVELOPMENT_TEAM = H7QBMXQ554;
				INFOPLIST_FILE = KidsFit/Info.plist;
				IPHONEOS_DEPLOYMENT_TARGET = 14.1;
				LD_RUNPATH_SEARCH_PATHS = (
					"$(inherited)",
					"@executable_path/Frameworks",
				);
				PRODUCT_BUNDLE_IDENTIFIER = com.ying.KidsFit;
				PRODUCT_NAME = "$(TARGET_NAME)";
				SWIFT_OBJC_BRIDGING_HEADER = "";
				SWIFT_OPTIMIZATION_LEVEL = "-Onone";
				SWIFT_VERSION = 5.0;
				TARGETED_DEVICE_FAMILY = 1;
			};
			name = "Debug (production)";
		};
		7BB3DD6725C5E92C0099CC7E /* Release (production) */ = {
			isa = XCBuildConfiguration;
			baseConfigurationReference = 7BA3218C264A31AA00DC4031 /* Production.xcconfig */;
			buildSettings = {
				ASSETCATALOG_COMPILER_APPICON_NAME = AppIcon;
				ASSETCATALOG_COMPILER_GLOBAL_ACCENT_COLOR_NAME = AccentColor;
				CLANG_ENABLE_MODULES = YES;
				CODE_SIGN_STYLE = Automatic;
				DEVELOPMENT_TEAM = H7QBMXQ554;
				INFOPLIST_FILE = KidsFit/Info.plist;
				IPHONEOS_DEPLOYMENT_TARGET = 14.1;
				LD_RUNPATH_SEARCH_PATHS = (
					"$(inherited)",
					"@executable_path/Frameworks",
				);
				PRODUCT_BUNDLE_IDENTIFIER = com.ying.KidsFit;
				PRODUCT_NAME = "$(TARGET_NAME)";
				SWIFT_OBJC_BRIDGING_HEADER = "";
				SWIFT_VERSION = 5.0;
				TARGETED_DEVICE_FAMILY = 1;
			};
			name = "Release (production)";
		};
		7BB3DD6925C5E92C0099CC7E /* Debug (production) */ = {
			isa = XCBuildConfiguration;
			baseConfigurationReference = 3F36A912D7CCE04EEA2EF0E9 /* Pods-KidsFitTests.debug (production).xcconfig */;
			buildSettings = {
				ALWAYS_EMBED_SWIFT_STANDARD_LIBRARIES = YES;
				BUNDLE_LOADER = "$(TEST_HOST)";
				CODE_SIGN_STYLE = Automatic;
				DEVELOPMENT_TEAM = H7QBMXQ554;
				INFOPLIST_FILE = KidsFitTests/Info.plist;
				IPHONEOS_DEPLOYMENT_TARGET = 14.4;
				LD_RUNPATH_SEARCH_PATHS = (
					"$(inherited)",
					"@executable_path/Frameworks",
					"@loader_path/Frameworks",
				);
				PRODUCT_BUNDLE_IDENTIFIER = com.ying.KidsFitTests;
				PRODUCT_NAME = "$(TARGET_NAME)";
				SWIFT_VERSION = 5.0;
				TARGETED_DEVICE_FAMILY = "1,2";
				TEST_HOST = "$(BUILT_PRODUCTS_DIR)/KidsFit.app/KidsFit";
			};
			name = "Debug (production)";
		};
		7BB3DD6A25C5E92C0099CC7E /* Release (production) */ = {
			isa = XCBuildConfiguration;
			baseConfigurationReference = D638CF4AD8A8935165DD2CCB /* Pods-KidsFitTests.release (production).xcconfig */;
			buildSettings = {
				ALWAYS_EMBED_SWIFT_STANDARD_LIBRARIES = YES;
				BUNDLE_LOADER = "$(TEST_HOST)";
				CODE_SIGN_STYLE = Automatic;
				DEVELOPMENT_TEAM = H7QBMXQ554;
				INFOPLIST_FILE = KidsFitTests/Info.plist;
				IPHONEOS_DEPLOYMENT_TARGET = 14.4;
				LD_RUNPATH_SEARCH_PATHS = (
					"$(inherited)",
					"@executable_path/Frameworks",
					"@loader_path/Frameworks",
				);
				PRODUCT_BUNDLE_IDENTIFIER = com.ying.KidsFitTests;
				PRODUCT_NAME = "$(TARGET_NAME)";
				SWIFT_VERSION = 5.0;
				TARGETED_DEVICE_FAMILY = "1,2";
				TEST_HOST = "$(BUILT_PRODUCTS_DIR)/KidsFit.app/KidsFit";
			};
			name = "Release (production)";
		};
		7BB3DD6C25C5E92C0099CC7E /* Debug (production) */ = {
			isa = XCBuildConfiguration;
			baseConfigurationReference = F12608F6389F70BAC32A4713 /* Pods-KidsFit-KidsFitUITests.debug (production).xcconfig */;
			buildSettings = {
				ALWAYS_EMBED_SWIFT_STANDARD_LIBRARIES = YES;
				CODE_SIGN_STYLE = Automatic;
				DEVELOPMENT_TEAM = H7QBMXQ554;
				INFOPLIST_FILE = KidsFitUITests/Info.plist;
				LD_RUNPATH_SEARCH_PATHS = (
					"$(inherited)",
					"@executable_path/Frameworks",
					"@loader_path/Frameworks",
				);
				PRODUCT_BUNDLE_IDENTIFIER = com.ying.KidsFitUITests;
				PRODUCT_NAME = "$(TARGET_NAME)";
				SWIFT_VERSION = 5.0;
				TARGETED_DEVICE_FAMILY = "1,2";
				TEST_TARGET_NAME = KidsFit;
			};
			name = "Debug (production)";
		};
		7BB3DD6D25C5E92C0099CC7E /* Release (production) */ = {
			isa = XCBuildConfiguration;
			baseConfigurationReference = C91083012A3608A6DF3E23F4 /* Pods-KidsFit-KidsFitUITests.release (production).xcconfig */;
			buildSettings = {
				ALWAYS_EMBED_SWIFT_STANDARD_LIBRARIES = YES;
				CODE_SIGN_STYLE = Automatic;
				DEVELOPMENT_TEAM = H7QBMXQ554;
				INFOPLIST_FILE = KidsFitUITests/Info.plist;
				LD_RUNPATH_SEARCH_PATHS = (
					"$(inherited)",
					"@executable_path/Frameworks",
					"@loader_path/Frameworks",
				);
				PRODUCT_BUNDLE_IDENTIFIER = com.ying.KidsFitUITests;
				PRODUCT_NAME = "$(TARGET_NAME)";
				SWIFT_VERSION = 5.0;
				TARGETED_DEVICE_FAMILY = "1,2";
				TEST_TARGET_NAME = KidsFit;
			};
			name = "Release (production)";
		};
/* End XCBuildConfiguration section */

/* Begin XCConfigurationList section */
		7BB3DD3625C5E92A0099CC7E /* Build configuration list for PBXProject "KidsFit" */ = {
			isa = XCConfigurationList;
			buildConfigurations = (
				7BB3DD6325C5E92C0099CC7E /* Debug (production) */,
				7BA3216F264A2F3D00DC4031 /* Debug (development) */,
				7BB3DD6425C5E92C0099CC7E /* Release (production) */,
				7BA32177264A2FA100DC4031 /* Release (development) */,
			);
			defaultConfigurationIsVisible = 0;
			defaultConfigurationName = "Release (production)";
		};
		7BB3DD6525C5E92C0099CC7E /* Build configuration list for PBXNativeTarget "KidsFit" */ = {
			isa = XCConfigurationList;
			buildConfigurations = (
				7BB3DD6625C5E92C0099CC7E /* Debug (production) */,
				7BA32170264A2F3D00DC4031 /* Debug (development) */,
				7BB3DD6725C5E92C0099CC7E /* Release (production) */,
				7BA32178264A2FA100DC4031 /* Release (development) */,
			);
			defaultConfigurationIsVisible = 0;
			defaultConfigurationName = "Release (production)";
		};
		7BB3DD6825C5E92C0099CC7E /* Build configuration list for PBXNativeTarget "KidsFitTests" */ = {
			isa = XCConfigurationList;
			buildConfigurations = (
				7BB3DD6925C5E92C0099CC7E /* Debug (production) */,
				7BA32171264A2F3D00DC4031 /* Debug (development) */,
				7BB3DD6A25C5E92C0099CC7E /* Release (production) */,
				7BA32179264A2FA100DC4031 /* Release (development) */,
			);
			defaultConfigurationIsVisible = 0;
			defaultConfigurationName = "Release (production)";
		};
		7BB3DD6B25C5E92C0099CC7E /* Build configuration list for PBXNativeTarget "KidsFitUITests" */ = {
			isa = XCConfigurationList;
			buildConfigurations = (
				7BB3DD6C25C5E92C0099CC7E /* Debug (production) */,
				7BA32172264A2F3D00DC4031 /* Debug (development) */,
				7BB3DD6D25C5E92C0099CC7E /* Release (production) */,
				7BA3217A264A2FA100DC4031 /* Release (development) */,
			);
			defaultConfigurationIsVisible = 0;
			defaultConfigurationName = "Release (production)";
		};
/* End XCConfigurationList section */
	};
	rootObject = 7BB3DD3325C5E92A0099CC7E /* Project object */;
}
